
Microsoft Visual Studio Solution File, Format Version 10.00
# Visual Studio 2008
Project("{FAE04EC0-301F-11D3-BF4B-00C04F79EFBC}") = "NessusRecorder", "NessusRecorder\NessusRecorder.csproj", "{8D67D142-91D7-4468-B7C3-2A5F781C8553}"
EndProject
Global
	GlobalSection(SolutionConfigurationPlatforms) = preSolution
		Debug|Any CPU = Debug|Any CPU
		Release|Any CPU = Release|Any CPU
	EndGlobalSection
	GlobalSection(ProjectConfigurationPlatforms) = postSolution
		{8D67D142-91D7-4468-B7C3-2A5F781C8553}.Debug|Any CPU.ActiveCfg = Debug|Any CPU
		{8D67D142-91D7-4468-B7C3-2A5F781C8553}.Debug|Any CPU.Build.0 = Debug|Any CPU
		{8D67D142-91D7-4468-B7C3-2A5F781C8553}.Release|Any CPU.ActiveCfg = Release|Any CPU
		{8D67D142-91D7-4468-B7C3-2A5F781C8553}.Release|Any CPU.Build.0 = Release|Any CPU
	EndGlobalSection
	GlobalSection(SolutionProperties) = preSolution
		HideSolutionNode = FALSE
	EndGlobalSection
EndGlobal
