
Microsoft Visual Studio Solution File, Format Version 10.00
# Visual Studio 2008
Project("{FAE04EC0-301F-11D3-BF4B-00C04F79EFBC}") = "JuniperSyslogRecorder-PTT", "JuniperSyslogRecorder-PTT\JuniperSyslogRecorder-PTT.csproj", "{92149A84-6C05-4A6C-AA67-F5E71D0228DB}"
EndProject
Global
	GlobalSection(SolutionConfigurationPlatforms) = preSolution
		Debug|Any CPU = Debug|Any CPU
		Release|Any CPU = Release|Any CPU
	EndGlobalSection
	GlobalSection(ProjectConfigurationPlatforms) = postSolution
		{92149A84-6C05-4A6C-AA67-F5E71D0228DB}.Debug|Any CPU.ActiveCfg = Debug|Any CPU
		{92149A84-6C05-4A6C-AA67-F5E71D0228DB}.Debug|Any CPU.Build.0 = Debug|Any CPU
		{92149A84-6C05-4A6C-AA67-F5E71D0228DB}.Release|Any CPU.ActiveCfg = Release|Any CPU
		{92149A84-6C05-4A6C-AA67-F5E71D0228DB}.Release|Any CPU.Build.0 = Release|Any CPU
	EndGlobalSection
	GlobalSection(SolutionProperties) = preSolution
		HideSolutionNode = FALSE
	EndGlobalSection
EndGlobal
