
Microsoft Visual Studio Solution File, Format Version 11.00
# Visual Studio 2010
Project("{FAE04EC0-301F-11D3-BF4B-00C04F79EFBC}") = "SonicWallV_TZ120_0_0UTMRecorder", "SonicWallV_TZ120_0_0UTMRecorder\SonicWallV_TZ120_0_0UTMRecorder.csproj", "{C4251B4C-8E99-4399-BA9F-41AB2953127F}"
EndProject
Global
	GlobalSection(SolutionConfigurationPlatforms) = preSolution
		Debug|Any CPU = Debug|Any CPU
		Release|Any CPU = Release|Any CPU
	EndGlobalSection
	GlobalSection(ProjectConfigurationPlatforms) = postSolution
		{C4251B4C-8E99-4399-BA9F-41AB2953127F}.Debug|Any CPU.ActiveCfg = Debug|Any CPU
		{C4251B4C-8E99-4399-BA9F-41AB2953127F}.Debug|Any CPU.Build.0 = Debug|Any CPU
		{C4251B4C-8E99-4399-BA9F-41AB2953127F}.Release|Any CPU.ActiveCfg = Release|Any CPU
		{C4251B4C-8E99-4399-BA9F-41AB2953127F}.Release|Any CPU.Build.0 = Release|Any CPU
	EndGlobalSection
	GlobalSection(SolutionProperties) = preSolution
		HideSolutionNode = FALSE
	EndGlobalSection
EndGlobal
