
Microsoft Visual Studio Solution File, Format Version 10.00
# Visual Studio 2008
Project("{FAE04EC0-301F-11D3-BF4B-00C04F79EFBC}") = "HPUXSyslogRecorder", "HPUXSyslogRecorder\HPUXSyslogRecorder.csproj", "{48E87E7B-6C50-46A7-ABDA-2222BF24A9CC}"
EndProject
Global
	GlobalSection(SolutionConfigurationPlatforms) = preSolution
		Debug|Any CPU = Debug|Any CPU
		Release|Any CPU = Release|Any CPU
	EndGlobalSection
	GlobalSection(ProjectConfigurationPlatforms) = postSolution
		{48E87E7B-6C50-46A7-ABDA-2222BF24A9CC}.Debug|Any CPU.ActiveCfg = Debug|Any CPU
		{48E87E7B-6C50-46A7-ABDA-2222BF24A9CC}.Debug|Any CPU.Build.0 = Debug|Any CPU
		{48E87E7B-6C50-46A7-ABDA-2222BF24A9CC}.Release|Any CPU.ActiveCfg = Release|Any CPU
		{48E87E7B-6C50-46A7-ABDA-2222BF24A9CC}.Release|Any CPU.Build.0 = Release|Any CPU
	EndGlobalSection
	GlobalSection(SolutionProperties) = preSolution
		HideSolutionNode = FALSE
	EndGlobalSection
EndGlobal
