
Microsoft Visual Studio Solution File, Format Version 10.00
# Visual Studio 2008
Project("{FAE04EC0-301F-11D3-BF4B-00C04F79EFBC}") = "RedhatSecureRecorder", "RedhatSecureRecorder\RedhatSecureRecorder.csproj", "{59F64DF3-8379-4F8E-96E7-7BB042F54B3A}"
EndProject
Global
	GlobalSection(SolutionConfigurationPlatforms) = preSolution
		Debug|Any CPU = Debug|Any CPU
		Release|Any CPU = Release|Any CPU
	EndGlobalSection
	GlobalSection(ProjectConfigurationPlatforms) = postSolution
		{59F64DF3-8379-4F8E-96E7-7BB042F54B3A}.Debug|Any CPU.ActiveCfg = Debug|Any CPU
		{59F64DF3-8379-4F8E-96E7-7BB042F54B3A}.Debug|Any CPU.Build.0 = Debug|Any CPU
		{59F64DF3-8379-4F8E-96E7-7BB042F54B3A}.Release|Any CPU.ActiveCfg = Release|Any CPU
		{59F64DF3-8379-4F8E-96E7-7BB042F54B3A}.Release|Any CPU.Build.0 = Release|Any CPU
	EndGlobalSection
	GlobalSection(SolutionProperties) = preSolution
		HideSolutionNode = FALSE
	EndGlobalSection
EndGlobal
