
Microsoft Visual Studio Solution File, Format Version 10.00
# Visual Studio 2008
Project("{FAE04EC0-301F-11D3-BF4B-00C04F79EFBC}") = "EventLogWinApi", "EventLogWinApi\EventLogWinApi.csproj", "{67E38152-C46D-48D4-A491-751513FBCB97}"
EndProject
Global
	GlobalSection(SolutionConfigurationPlatforms) = preSolution
		Debug|Any CPU = Debug|Any CPU
		Release|Any CPU = Release|Any CPU
	EndGlobalSection
	GlobalSection(ProjectConfigurationPlatforms) = postSolution
		{67E38152-C46D-48D4-A491-751513FBCB97}.Debug|Any CPU.ActiveCfg = Debug|Any CPU
		{67E38152-C46D-48D4-A491-751513FBCB97}.Debug|Any CPU.Build.0 = Debug|Any CPU
		{67E38152-C46D-48D4-A491-751513FBCB97}.Release|Any CPU.ActiveCfg = Release|Any CPU
		{67E38152-C46D-48D4-A491-751513FBCB97}.Release|Any CPU.Build.0 = Release|Any CPU
	EndGlobalSection
	GlobalSection(SolutionProperties) = preSolution
		HideSolutionNode = FALSE
	EndGlobalSection
EndGlobal
