
Microsoft Visual Studio Solution File, Format Version 10.00
# Visual Studio 2008
Project("{FAE04EC0-301F-11D3-BF4B-00C04F79EFBC}") = "ExchangeRecorder", "ExchangeRecorder\ExchangeRecorder.csproj", "{AEFA5734-AA11-4C26-B747-9DA2CF56615F}"
EndProject
Global
	GlobalSection(SolutionConfigurationPlatforms) = preSolution
		Debug|Any CPU = Debug|Any CPU
		Release|Any CPU = Release|Any CPU
	EndGlobalSection
	GlobalSection(ProjectConfigurationPlatforms) = postSolution
		{AEFA5734-AA11-4C26-B747-9DA2CF56615F}.Debug|Any CPU.ActiveCfg = Debug|Any CPU
		{AEFA5734-AA11-4C26-B747-9DA2CF56615F}.Debug|Any CPU.Build.0 = Debug|Any CPU
		{AEFA5734-AA11-4C26-B747-9DA2CF56615F}.Release|Any CPU.ActiveCfg = Release|Any CPU
		{AEFA5734-AA11-4C26-B747-9DA2CF56615F}.Release|Any CPU.Build.0 = Release|Any CPU
	EndGlobalSection
	GlobalSection(SolutionProperties) = preSolution
		HideSolutionNode = FALSE
	EndGlobalSection
EndGlobal
