
Microsoft Visual Studio Solution File, Format Version 11.00
# Visual Studio 2010
Project("{FAE04EC0-301F-11D3-BF4B-00C04F79EFBC}") = "ImpervaFwSyslogV_1_0_0Recorder", "ImpervaFwSyslogV_1_0_0Recorder\ImpervaFwSyslogV_1_0_0Recorder.csproj", "{503FEE1D-D6C2-44CF-A348-98656388D41E}"
EndProject
Global
	GlobalSection(SolutionConfigurationPlatforms) = preSolution
		Debug|Any CPU = Debug|Any CPU
		Release|Any CPU = Release|Any CPU
	EndGlobalSection
	GlobalSection(ProjectConfigurationPlatforms) = postSolution
		{503FEE1D-D6C2-44CF-A348-98656388D41E}.Debug|Any CPU.ActiveCfg = Debug|Any CPU
		{503FEE1D-D6C2-44CF-A348-98656388D41E}.Debug|Any CPU.Build.0 = Debug|Any CPU
		{503FEE1D-D6C2-44CF-A348-98656388D41E}.Release|Any CPU.ActiveCfg = Release|Any CPU
		{503FEE1D-D6C2-44CF-A348-98656388D41E}.Release|Any CPU.Build.0 = Release|Any CPU
	EndGlobalSection
	GlobalSection(SolutionProperties) = preSolution
		HideSolutionNode = FALSE
	EndGlobalSection
EndGlobal
