
Microsoft Visual Studio Solution File, Format Version 11.00
# Visual Studio 2010
Project("{FAE04EC0-301F-11D3-BF4B-00C04F79EFBC}") = "WebsenseV_7_7_2SyslogRecorder", "WebsenseV_7_7_2SyslogRecorder\WebsenseV_7_7_2SyslogRecorder.csproj", "{D4D0056C-3DFD-4495-938F-3EDC2024ED37}"
EndProject
Global
	GlobalSection(SolutionConfigurationPlatforms) = preSolution
		Debug|Any CPU = Debug|Any CPU
		Release|Any CPU = Release|Any CPU
	EndGlobalSection
	GlobalSection(ProjectConfigurationPlatforms) = postSolution
		{D4D0056C-3DFD-4495-938F-3EDC2024ED37}.Debug|Any CPU.ActiveCfg = Debug|Any CPU
		{D4D0056C-3DFD-4495-938F-3EDC2024ED37}.Debug|Any CPU.Build.0 = Debug|Any CPU
		{D4D0056C-3DFD-4495-938F-3EDC2024ED37}.Release|Any CPU.ActiveCfg = Release|Any CPU
		{D4D0056C-3DFD-4495-938F-3EDC2024ED37}.Release|Any CPU.Build.0 = Release|Any CPU
	EndGlobalSection
	GlobalSection(SolutionProperties) = preSolution
		HideSolutionNode = FALSE
	EndGlobalSection
EndGlobal
