
Microsoft Visual Studio Solution File, Format Version 11.00
# Visual Studio 2010
Project("{FAE04EC0-301F-11D3-BF4B-00C04F79EFBC}") = "EventLogViewer", "EventLogViewer\EventLogViewer.csproj", "{54D5C9D9-4877-4702-A8ED-10F16561B70E}"
EndProject
Project("{54435603-DBB4-11D2-8724-00A0C9A8B90C}") = "NATEK SC EventLogViewer", "NATEK SC EventLogViewer\NATEK SC EventLogViewer.vdproj", "{52801F36-0227-4584-8AC8-7070F96AD529}"
EndProject
Project("{FAE04EC0-301F-11D3-BF4B-00C04F79EFBC}") = "EventLogViewerInstaller", "EventLogViewerInstaller\EventLogViewerInstaller.csproj", "{7065697D-832D-409B-9E91-8BB47EA2740E}"
EndProject
Global
	GlobalSection(SolutionConfigurationPlatforms) = preSolution
		Debug|Any CPU = Debug|Any CPU
		Release|Any CPU = Release|Any CPU
	EndGlobalSection
	GlobalSection(ProjectConfigurationPlatforms) = postSolution
		{54D5C9D9-4877-4702-A8ED-10F16561B70E}.Debug|Any CPU.ActiveCfg = Debug|Any CPU
		{54D5C9D9-4877-4702-A8ED-10F16561B70E}.Debug|Any CPU.Build.0 = Debug|Any CPU
		{54D5C9D9-4877-4702-A8ED-10F16561B70E}.Release|Any CPU.ActiveCfg = Release|Any CPU
		{54D5C9D9-4877-4702-A8ED-10F16561B70E}.Release|Any CPU.Build.0 = Release|Any CPU
		{52801F36-0227-4584-8AC8-7070F96AD529}.Debug|Any CPU.ActiveCfg = Debug
		{52801F36-0227-4584-8AC8-7070F96AD529}.Release|Any CPU.ActiveCfg = Release
		{7065697D-832D-409B-9E91-8BB47EA2740E}.Debug|Any CPU.ActiveCfg = Debug|Any CPU
		{7065697D-832D-409B-9E91-8BB47EA2740E}.Debug|Any CPU.Build.0 = Debug|Any CPU
		{7065697D-832D-409B-9E91-8BB47EA2740E}.Release|Any CPU.ActiveCfg = Release|Any CPU
		{7065697D-832D-409B-9E91-8BB47EA2740E}.Release|Any CPU.Build.0 = Release|Any CPU
	EndGlobalSection
	GlobalSection(SolutionProperties) = preSolution
		HideSolutionNode = FALSE
	EndGlobalSection
EndGlobal
