
Microsoft Visual Studio Solution File, Format Version 11.00
# Visual Studio 2010
Project("{FAE04EC0-301F-11D3-BF4B-00C04F79EFBC}") = "CoslatURLRecorder", "CoslatURLRecorder\CoslatURLRecorder.csproj", "{69365C18-C997-446E-91D6-32D03481C760}"
EndProject
Global
	GlobalSection(SolutionConfigurationPlatforms) = preSolution
		Debug|Any CPU = Debug|Any CPU
		Release|Any CPU = Release|Any CPU
	EndGlobalSection
	GlobalSection(ProjectConfigurationPlatforms) = postSolution
		{69365C18-C997-446E-91D6-32D03481C760}.Debug|Any CPU.ActiveCfg = Debug|Any CPU
		{69365C18-C997-446E-91D6-32D03481C760}.Debug|Any CPU.Build.0 = Debug|Any CPU
		{69365C18-C997-446E-91D6-32D03481C760}.Release|Any CPU.ActiveCfg = Release|Any CPU
		{69365C18-C997-446E-91D6-32D03481C760}.Release|Any CPU.Build.0 = Release|Any CPU
	EndGlobalSection
	GlobalSection(SolutionProperties) = preSolution
		HideSolutionNode = FALSE
	EndGlobalSection
EndGlobal
