
Microsoft Visual Studio Solution File, Format Version 10.00
# Visual Studio 2008
Project("{FAE04EC0-301F-11D3-BF4B-00C04F79EFBC}") = "SymantecSgsSyslogRecorder", "SymantecSgsSyslogRecorder\SymantecSgsSyslogRecorder.csproj", "{F8830DB4-AEDD-44A7-8A3B-8BDB0AF2E41C}"
EndProject
Global
	GlobalSection(SolutionConfigurationPlatforms) = preSolution
		Debug|Any CPU = Debug|Any CPU
		Release|Any CPU = Release|Any CPU
	EndGlobalSection
	GlobalSection(ProjectConfigurationPlatforms) = postSolution
		{F8830DB4-AEDD-44A7-8A3B-8BDB0AF2E41C}.Debug|Any CPU.ActiveCfg = Debug|Any CPU
		{F8830DB4-AEDD-44A7-8A3B-8BDB0AF2E41C}.Debug|Any CPU.Build.0 = Debug|Any CPU
		{F8830DB4-AEDD-44A7-8A3B-8BDB0AF2E41C}.Release|Any CPU.ActiveCfg = Release|Any CPU
		{F8830DB4-AEDD-44A7-8A3B-8BDB0AF2E41C}.Release|Any CPU.Build.0 = Release|Any CPU
	EndGlobalSection
	GlobalSection(SolutionProperties) = preSolution
		HideSolutionNode = FALSE
	EndGlobalSection
EndGlobal
