
Microsoft Visual Studio Solution File, Format Version 11.00
# Visual Studio 2010
Project("{FAE04EC0-301F-11D3-BF4B-00C04F79EFBC}") = "IBekciAccessV_1_0_1Recorder", "IBekciAccessV_1_0_1Recorder\IBekciAccessV_1_0_1Recorder.csproj", "{843A2FCD-A950-4345-B19C-DF9E5E2E633D}"
EndProject
Global
	GlobalSection(SolutionConfigurationPlatforms) = preSolution
		Debug|Any CPU = Debug|Any CPU
		Release|Any CPU = Release|Any CPU
	EndGlobalSection
	GlobalSection(ProjectConfigurationPlatforms) = postSolution
		{843A2FCD-A950-4345-B19C-DF9E5E2E633D}.Debug|Any CPU.ActiveCfg = Debug|Any CPU
		{843A2FCD-A950-4345-B19C-DF9E5E2E633D}.Debug|Any CPU.Build.0 = Debug|Any CPU
		{843A2FCD-A950-4345-B19C-DF9E5E2E633D}.Release|Any CPU.ActiveCfg = Release|Any CPU
		{843A2FCD-A950-4345-B19C-DF9E5E2E633D}.Release|Any CPU.Build.0 = Release|Any CPU
	EndGlobalSection
	GlobalSection(SolutionProperties) = preSolution
		HideSolutionNode = FALSE
	EndGlobalSection
EndGlobal
