
Microsoft Visual Studio Solution File, Format Version 12.00
# Visual Studio 2013
VisualStudioVersion = 12.0.21005.1
MinimumVisualStudioVersion = 10.0.40219.1
Project("{FAE04EC0-301F-11D3-BF4B-00C04F79EFBC}") = "RemoteRecorderTest", "RemoteRecorderTest\RemoteRecorderTest.csproj", "{64B2913D-B3E2-4277-9253-23C7A40C5762}"
EndProject
Project("{FAE04EC0-301F-11D3-BF4B-00C04F79EFBC}") = "Helpers", "..\..\Base\Helpers\Helpers\Helpers.csproj", "{98B9ACD5-1CA2-4A5A-8F78-BF9D846B11F0}"
EndProject
Project("{FAE04EC0-301F-11D3-BF4B-00C04F79EFBC}") = "RecorderBase", "..\..\Base\RecorderBase\RecorderBase\RecorderBase.csproj", "{ED8840D6-1F00-4C0F-AF29-7BFE2EFF027B}"
EndProject
Global
	GlobalSection(SolutionConfigurationPlatforms) = preSolution
		Debug|Any CPU = Debug|Any CPU
		Release|Any CPU = Release|Any CPU
	EndGlobalSection
	GlobalSection(ProjectConfigurationPlatforms) = postSolution
		{64B2913D-B3E2-4277-9253-23C7A40C5762}.Debug|Any CPU.ActiveCfg = Debug|Any CPU
		{64B2913D-B3E2-4277-9253-23C7A40C5762}.Debug|Any CPU.Build.0 = Debug|Any CPU
		{64B2913D-B3E2-4277-9253-23C7A40C5762}.Release|Any CPU.ActiveCfg = Release|Any CPU
		{64B2913D-B3E2-4277-9253-23C7A40C5762}.Release|Any CPU.Build.0 = Release|Any CPU
		{98B9ACD5-1CA2-4A5A-8F78-BF9D846B11F0}.Debug|Any CPU.ActiveCfg = Debug|Any CPU
		{98B9ACD5-1CA2-4A5A-8F78-BF9D846B11F0}.Debug|Any CPU.Build.0 = Debug|Any CPU
		{98B9ACD5-1CA2-4A5A-8F78-BF9D846B11F0}.Release|Any CPU.ActiveCfg = Release|Any CPU
		{98B9ACD5-1CA2-4A5A-8F78-BF9D846B11F0}.Release|Any CPU.Build.0 = Release|Any CPU
		{ED8840D6-1F00-4C0F-AF29-7BFE2EFF027B}.Debug|Any CPU.ActiveCfg = Debug|Any CPU
		{ED8840D6-1F00-4C0F-AF29-7BFE2EFF027B}.Debug|Any CPU.Build.0 = Debug|Any CPU
		{ED8840D6-1F00-4C0F-AF29-7BFE2EFF027B}.Release|Any CPU.ActiveCfg = Release|Any CPU
		{ED8840D6-1F00-4C0F-AF29-7BFE2EFF027B}.Release|Any CPU.Build.0 = Release|Any CPU
	EndGlobalSection
	GlobalSection(SolutionProperties) = preSolution
		HideSolutionNode = FALSE
	EndGlobalSection
EndGlobal
