
Microsoft Visual Studio Solution File, Format Version 11.00
# Visual Studio 2010
Project("{FAE04EC0-301F-11D3-BF4B-00C04F79EFBC}") = "SybaseIqSrvLogV_1_0_0Recorder", "SybaseIqSrvLogV_1_0_0Recorder\SybaseIqSrvLogV_1_0_0Recorder.csproj", "{FC6D697E-4517-4CBB-9B6C-77C87A88799A}"
EndProject
Global
	GlobalSection(SolutionConfigurationPlatforms) = preSolution
		Debug|Any CPU = Debug|Any CPU
		Release|Any CPU = Release|Any CPU
	EndGlobalSection
	GlobalSection(ProjectConfigurationPlatforms) = postSolution
		{FC6D697E-4517-4CBB-9B6C-77C87A88799A}.Debug|Any CPU.ActiveCfg = Debug|Any CPU
		{FC6D697E-4517-4CBB-9B6C-77C87A88799A}.Debug|Any CPU.Build.0 = Debug|Any CPU
		{FC6D697E-4517-4CBB-9B6C-77C87A88799A}.Release|Any CPU.ActiveCfg = Release|Any CPU
		{FC6D697E-4517-4CBB-9B6C-77C87A88799A}.Release|Any CPU.Build.0 = Release|Any CPU
	EndGlobalSection
	GlobalSection(SolutionProperties) = preSolution
		HideSolutionNode = FALSE
	EndGlobalSection
EndGlobal
