
Microsoft Visual Studio Solution File, Format Version 11.00
# Visual Studio 2010
Project("{FAE04EC0-301F-11D3-BF4B-00C04F79EFBC}") = "LinuxVSFTPDV_1_0_0Recorder", "LinuxVSFTPDV_1_0_0Recorder\LinuxVSFTPDV_1_0_0Recorder.csproj", "{5C3ED7F1-B380-446C-BC1A-979B9C4D51BE}"
EndProject
Global
	GlobalSection(SolutionConfigurationPlatforms) = preSolution
		Debug|Any CPU = Debug|Any CPU
		Release|Any CPU = Release|Any CPU
	EndGlobalSection
	GlobalSection(ProjectConfigurationPlatforms) = postSolution
		{5C3ED7F1-B380-446C-BC1A-979B9C4D51BE}.Debug|Any CPU.ActiveCfg = Debug|Any CPU
		{5C3ED7F1-B380-446C-BC1A-979B9C4D51BE}.Debug|Any CPU.Build.0 = Debug|Any CPU
		{5C3ED7F1-B380-446C-BC1A-979B9C4D51BE}.Release|Any CPU.ActiveCfg = Release|Any CPU
		{5C3ED7F1-B380-446C-BC1A-979B9C4D51BE}.Release|Any CPU.Build.0 = Release|Any CPU
	EndGlobalSection
	GlobalSection(SolutionProperties) = preSolution
		HideSolutionNode = FALSE
	EndGlobalSection
EndGlobal
