
Microsoft Visual Studio Solution File, Format Version 11.00
# Visual Studio 2010
Project("{FAE04EC0-301F-11D3-BF4B-00C04F79EFBC}") = "OracleSQLNetV_1_0_0Recorder", "OracleSQLNetV_1_0_0Recorder\OracleSQLNetV_1_0_0Recorder.csproj", "{1EF7DD70-0E43-46DA-82FD-B96788438997}"
EndProject
Global
	GlobalSection(SolutionConfigurationPlatforms) = preSolution
		Debug|Any CPU = Debug|Any CPU
		Release|Any CPU = Release|Any CPU
	EndGlobalSection
	GlobalSection(ProjectConfigurationPlatforms) = postSolution
		{1EF7DD70-0E43-46DA-82FD-B96788438997}.Debug|Any CPU.ActiveCfg = Debug|Any CPU
		{1EF7DD70-0E43-46DA-82FD-B96788438997}.Debug|Any CPU.Build.0 = Debug|Any CPU
		{1EF7DD70-0E43-46DA-82FD-B96788438997}.Release|Any CPU.ActiveCfg = Release|Any CPU
		{1EF7DD70-0E43-46DA-82FD-B96788438997}.Release|Any CPU.Build.0 = Release|Any CPU
	EndGlobalSection
	GlobalSection(SolutionProperties) = preSolution
		HideSolutionNode = FALSE
	EndGlobalSection
EndGlobal
