
Microsoft Visual Studio Solution File, Format Version 10.00
# Visual Studio 2008
Project("{FAE04EC0-301F-11D3-BF4B-00C04F79EFBC}") = "TeamcenterFlexRecorder", "TeamcenterFlexRecorder\TeamcenterFlexRecorder.csproj", "{0CCB1F17-DB8E-4528-84BD-17BC6C0E8C65}"
EndProject
Global
	GlobalSection(SolutionConfigurationPlatforms) = preSolution
		Debug|Any CPU = Debug|Any CPU
		Release|Any CPU = Release|Any CPU
	EndGlobalSection
	GlobalSection(ProjectConfigurationPlatforms) = postSolution
		{0CCB1F17-DB8E-4528-84BD-17BC6C0E8C65}.Debug|Any CPU.ActiveCfg = Debug|Any CPU
		{0CCB1F17-DB8E-4528-84BD-17BC6C0E8C65}.Debug|Any CPU.Build.0 = Debug|Any CPU
		{0CCB1F17-DB8E-4528-84BD-17BC6C0E8C65}.Release|Any CPU.ActiveCfg = Release|Any CPU
		{0CCB1F17-DB8E-4528-84BD-17BC6C0E8C65}.Release|Any CPU.Build.0 = Release|Any CPU
	EndGlobalSection
	GlobalSection(SolutionProperties) = preSolution
		HideSolutionNode = FALSE
	EndGlobalSection
EndGlobal
