
Microsoft Visual Studio Solution File, Format Version 10.00
# Visual Studio 2008
Project("{FAE04EC0-301F-11D3-BF4B-00C04F79EFBC}") = "FtpRecorder", "FtpRecorder\FtpRecorder.csproj", "{C7C2B8AC-20B9-4036-BC59-D58D8CF08898}"
EndProject
Global
	GlobalSection(SolutionConfigurationPlatforms) = preSolution
		Debug|Any CPU = Debug|Any CPU
		Release|Any CPU = Release|Any CPU
	EndGlobalSection
	GlobalSection(ProjectConfigurationPlatforms) = postSolution
		{C7C2B8AC-20B9-4036-BC59-D58D8CF08898}.Debug|Any CPU.ActiveCfg = Debug|Any CPU
		{C7C2B8AC-20B9-4036-BC59-D58D8CF08898}.Debug|Any CPU.Build.0 = Debug|Any CPU
		{C7C2B8AC-20B9-4036-BC59-D58D8CF08898}.Release|Any CPU.ActiveCfg = Release|Any CPU
		{C7C2B8AC-20B9-4036-BC59-D58D8CF08898}.Release|Any CPU.Build.0 = Release|Any CPU
	EndGlobalSection
	GlobalSection(SolutionProperties) = preSolution
		HideSolutionNode = FALSE
	EndGlobalSection
EndGlobal
