
Microsoft Visual Studio Solution File, Format Version 11.00
# Visual Studio 2010
Project("{FAE04EC0-301F-11D3-BF4B-00C04F79EFBC}") = "LApacheErrorV1_0_0Recorder", "LApacheErrorV1_0_0Recorder\LApacheErrorV1_0_0Recorder.csproj", "{31C0D924-980E-4F06-AC94-609EED4FD774}"
EndProject
Global
	GlobalSection(SolutionConfigurationPlatforms) = preSolution
		Debug|Any CPU = Debug|Any CPU
		Release|Any CPU = Release|Any CPU
	EndGlobalSection
	GlobalSection(ProjectConfigurationPlatforms) = postSolution
		{31C0D924-980E-4F06-AC94-609EED4FD774}.Debug|Any CPU.ActiveCfg = Debug|Any CPU
		{31C0D924-980E-4F06-AC94-609EED4FD774}.Debug|Any CPU.Build.0 = Debug|Any CPU
		{31C0D924-980E-4F06-AC94-609EED4FD774}.Release|Any CPU.ActiveCfg = Release|Any CPU
		{31C0D924-980E-4F06-AC94-609EED4FD774}.Release|Any CPU.Build.0 = Release|Any CPU
	EndGlobalSection
	GlobalSection(SolutionProperties) = preSolution
		HideSolutionNode = FALSE
	EndGlobalSection
EndGlobal
