
Microsoft Visual Studio Solution File, Format Version 10.00
# Visual Studio 2008
Project("{FAE04EC0-301F-11D3-BF4B-00C04F79EFBC}") = "NtEventlogRecorder", "NtEventlogRecorder\NtEventlogRecorder.csproj", "{581075E8-ACD1-4829-BB83-07E4BA7D07C9}"
EndProject
Project("{54435603-DBB4-11D2-8724-00A0C9A8B90C}") = "NATEK SC NtEventlog Recorder", "NATEK SC NtEventlogRecorder Recorder\NATEK SC NtEventlogRecorder Recorder.vdproj", "{1F2BEFF1-3D13-4431-AF53-8124391669F0}"
EndProject
Project("{FAE04EC0-301F-11D3-BF4B-00C04F79EFBC}") = "NtEventlogRecorderInstaller", "NtEventlogRecorderInstaller\NtEventlogRecorderInstaller.csproj", "{7065697D-832D-409B-9E91-8BB47EA2740E}"
EndProject
Global
	GlobalSection(SolutionConfigurationPlatforms) = preSolution
		Debug|Any CPU = Debug|Any CPU
		Release|Any CPU = Release|Any CPU
	EndGlobalSection
	GlobalSection(ProjectConfigurationPlatforms) = postSolution
		{581075E8-ACD1-4829-BB83-07E4BA7D07C9}.Debug|Any CPU.ActiveCfg = Debug|Any CPU
		{581075E8-ACD1-4829-BB83-07E4BA7D07C9}.Debug|Any CPU.Build.0 = Debug|Any CPU
		{581075E8-ACD1-4829-BB83-07E4BA7D07C9}.Release|Any CPU.ActiveCfg = Release|Any CPU
		{581075E8-ACD1-4829-BB83-07E4BA7D07C9}.Release|Any CPU.Build.0 = Release|Any CPU
		{1F2BEFF1-3D13-4431-AF53-8124391669F0}.Debug|Any CPU.ActiveCfg = Debug
		{1F2BEFF1-3D13-4431-AF53-8124391669F0}.Debug|Any CPU.Build.0 = Debug
		{1F2BEFF1-3D13-4431-AF53-8124391669F0}.Release|Any CPU.ActiveCfg = Release
		{1F2BEFF1-3D13-4431-AF53-8124391669F0}.Release|Any CPU.Build.0 = Release
		{7065697D-832D-409B-9E91-8BB47EA2740E}.Debug|Any CPU.ActiveCfg = Debug|Any CPU
		{7065697D-832D-409B-9E91-8BB47EA2740E}.Debug|Any CPU.Build.0 = Debug|Any CPU
		{7065697D-832D-409B-9E91-8BB47EA2740E}.Release|Any CPU.ActiveCfg = Release|Any CPU
		{7065697D-832D-409B-9E91-8BB47EA2740E}.Release|Any CPU.Build.0 = Release|Any CPU
	EndGlobalSection
	GlobalSection(SolutionProperties) = preSolution
		HideSolutionNode = FALSE
	EndGlobalSection
EndGlobal
