
Microsoft Visual Studio Solution File, Format Version 10.00
# Visual Studio 2008
Project("{FAE04EC0-301F-11D3-BF4B-00C04F79EFBC}") = "ISAWebRecorder2000", "ISAWebRecorder2000\ISAWebRecorder2000.csproj", "{30E6AB1B-48B6-422A-9DEE-39F44B714631}"
EndProject
Global
	GlobalSection(SolutionConfigurationPlatforms) = preSolution
		Debug|Any CPU = Debug|Any CPU
		Release|Any CPU = Release|Any CPU
	EndGlobalSection
	GlobalSection(ProjectConfigurationPlatforms) = postSolution
		{30E6AB1B-48B6-422A-9DEE-39F44B714631}.Debug|Any CPU.ActiveCfg = Debug|Any CPU
		{30E6AB1B-48B6-422A-9DEE-39F44B714631}.Debug|Any CPU.Build.0 = Debug|Any CPU
		{30E6AB1B-48B6-422A-9DEE-39F44B714631}.Release|Any CPU.ActiveCfg = Release|Any CPU
		{30E6AB1B-48B6-422A-9DEE-39F44B714631}.Release|Any CPU.Build.0 = Release|Any CPU
	EndGlobalSection
	GlobalSection(SolutionProperties) = preSolution
		HideSolutionNode = FALSE
	EndGlobalSection
EndGlobal
