
Microsoft Visual Studio Solution File, Format Version 10.00
# Visual Studio 2008
Project("{FAE04EC0-301F-11D3-BF4B-00C04F79EFBC}") = "IBMAixSyslogRecorder", "IBMAixSyslogRecorder\IBMAixSyslogRecorder.csproj", "{F887D8F0-BDE8-45C8-8DC1-7B15DE2A9A03}"
EndProject
Global
	GlobalSection(SolutionConfigurationPlatforms) = preSolution
		Debug|Any CPU = Debug|Any CPU
		Release|Any CPU = Release|Any CPU
	EndGlobalSection
	GlobalSection(ProjectConfigurationPlatforms) = postSolution
		{F887D8F0-BDE8-45C8-8DC1-7B15DE2A9A03}.Debug|Any CPU.ActiveCfg = Debug|Any CPU
		{F887D8F0-BDE8-45C8-8DC1-7B15DE2A9A03}.Debug|Any CPU.Build.0 = Debug|Any CPU
		{F887D8F0-BDE8-45C8-8DC1-7B15DE2A9A03}.Release|Any CPU.ActiveCfg = Release|Any CPU
		{F887D8F0-BDE8-45C8-8DC1-7B15DE2A9A03}.Release|Any CPU.Build.0 = Release|Any CPU
	EndGlobalSection
	GlobalSection(SolutionProperties) = preSolution
		HideSolutionNode = FALSE
	EndGlobalSection
EndGlobal
