
Microsoft Visual Studio Solution File, Format Version 10.00
# Visual Studio 2008
Project("{FAE04EC0-301F-11D3-BF4B-00C04F79EFBC}") = "GenuagateRecorder", "GenuagateRecorder\GenuagateRecorder.csproj", "{F34C4845-1887-43B3-956F-C10EBF2EA0CB}"
EndProject
Global
	GlobalSection(SolutionConfigurationPlatforms) = preSolution
		Debug|Any CPU = Debug|Any CPU
		Release|Any CPU = Release|Any CPU
	EndGlobalSection
	GlobalSection(ProjectConfigurationPlatforms) = postSolution
		{F34C4845-1887-43B3-956F-C10EBF2EA0CB}.Debug|Any CPU.ActiveCfg = Debug|Any CPU
		{F34C4845-1887-43B3-956F-C10EBF2EA0CB}.Debug|Any CPU.Build.0 = Debug|Any CPU
		{F34C4845-1887-43B3-956F-C10EBF2EA0CB}.Release|Any CPU.ActiveCfg = Release|Any CPU
		{F34C4845-1887-43B3-956F-C10EBF2EA0CB}.Release|Any CPU.Build.0 = Release|Any CPU
	EndGlobalSection
	GlobalSection(SolutionProperties) = preSolution
		HideSolutionNode = FALSE
	EndGlobalSection
EndGlobal
