
Microsoft Visual Studio Solution File, Format Version 11.00
# Visual Studio 2010
Project("{FAE04EC0-301F-11D3-BF4B-00C04F79EFBC}") = "CiscoDhcpBindV_1_0_0Recorder", "CiscoDhcpBindV_1_0_0Recorder\CiscoDhcpBindV_1_0_0Recorder.csproj", "{53317285-60ED-4CCB-95AA-9DA4E83C6BBA}"
EndProject
Global
	GlobalSection(SolutionConfigurationPlatforms) = preSolution
		Debug|Any CPU = Debug|Any CPU
		Release|Any CPU = Release|Any CPU
	EndGlobalSection
	GlobalSection(ProjectConfigurationPlatforms) = postSolution
		{53317285-60ED-4CCB-95AA-9DA4E83C6BBA}.Debug|Any CPU.ActiveCfg = Debug|Any CPU
		{53317285-60ED-4CCB-95AA-9DA4E83C6BBA}.Debug|Any CPU.Build.0 = Debug|Any CPU
		{53317285-60ED-4CCB-95AA-9DA4E83C6BBA}.Release|Any CPU.ActiveCfg = Release|Any CPU
		{53317285-60ED-4CCB-95AA-9DA4E83C6BBA}.Release|Any CPU.Build.0 = Release|Any CPU
	EndGlobalSection
	GlobalSection(SolutionProperties) = preSolution
		HideSolutionNode = FALSE
	EndGlobalSection
EndGlobal
