
Microsoft Visual Studio Solution File, Format Version 11.00
# Visual Studio 2010
Project("{FAE04EC0-301F-11D3-BF4B-00C04F79EFBC}") = "ZyxelZywalLUSG_300_V1_1_1_Web_Recorder", "ZyxelZywalLUSG_300_V1_1_1_Web_Recorder\ZyxelZywalLUSG_300_V1_1_1_Web_Recorder.csproj", "{461D8121-7BB2-4A21-81F2-9ED9B89BC64B}"
EndProject
Global
	GlobalSection(SolutionConfigurationPlatforms) = preSolution
		Debug|Any CPU = Debug|Any CPU
		Release|Any CPU = Release|Any CPU
	EndGlobalSection
	GlobalSection(ProjectConfigurationPlatforms) = postSolution
		{461D8121-7BB2-4A21-81F2-9ED9B89BC64B}.Debug|Any CPU.ActiveCfg = Debug|Any CPU
		{461D8121-7BB2-4A21-81F2-9ED9B89BC64B}.Debug|Any CPU.Build.0 = Debug|Any CPU
		{461D8121-7BB2-4A21-81F2-9ED9B89BC64B}.Release|Any CPU.ActiveCfg = Release|Any CPU
		{461D8121-7BB2-4A21-81F2-9ED9B89BC64B}.Release|Any CPU.Build.0 = Release|Any CPU
	EndGlobalSection
	GlobalSection(SolutionProperties) = preSolution
		HideSolutionNode = FALSE
	EndGlobalSection
EndGlobal
