
Microsoft Visual Studio Solution File, Format Version 10.00
# Visual Studio 2008
Project("{FAE04EC0-301F-11D3-BF4B-00C04F79EFBC}") = "SqlServerRecorder", "SqlServerRecorder\SqlServerRecorder.csproj", "{F32A712B-6611-4134-9EFC-07D833DFE310}"
EndProject
Global
	GlobalSection(SolutionConfigurationPlatforms) = preSolution
		Debug|Any CPU = Debug|Any CPU
		Release|Any CPU = Release|Any CPU
	EndGlobalSection
	GlobalSection(ProjectConfigurationPlatforms) = postSolution
		{F32A712B-6611-4134-9EFC-07D833DFE310}.Debug|Any CPU.ActiveCfg = Debug|Any CPU
		{F32A712B-6611-4134-9EFC-07D833DFE310}.Debug|Any CPU.Build.0 = Debug|Any CPU
		{F32A712B-6611-4134-9EFC-07D833DFE310}.Release|Any CPU.ActiveCfg = Release|Any CPU
		{F32A712B-6611-4134-9EFC-07D833DFE310}.Release|Any CPU.Build.0 = Release|Any CPU
	EndGlobalSection
	GlobalSection(SolutionProperties) = preSolution
		HideSolutionNode = FALSE
	EndGlobalSection
EndGlobal
