
Microsoft Visual Studio Solution File, Format Version 11.00
# Visual Studio 2010
Project("{FAE04EC0-301F-11D3-BF4B-00C04F79EFBC}") = "WatchguardV_5_0_0_WinFileRecorder", "WatchguardV_5_0_0_WinFileRecorder\WatchguardV_5_0_0_WinFileRecorder.csproj", "{00B11E6B-AC15-452D-849C-438238FFBE07}"
EndProject
Global
	GlobalSection(SolutionConfigurationPlatforms) = preSolution
		Debug|Any CPU = Debug|Any CPU
		Release|Any CPU = Release|Any CPU
	EndGlobalSection
	GlobalSection(ProjectConfigurationPlatforms) = postSolution
		{00B11E6B-AC15-452D-849C-438238FFBE07}.Debug|Any CPU.ActiveCfg = Debug|Any CPU
		{00B11E6B-AC15-452D-849C-438238FFBE07}.Debug|Any CPU.Build.0 = Debug|Any CPU
		{00B11E6B-AC15-452D-849C-438238FFBE07}.Release|Any CPU.ActiveCfg = Release|Any CPU
		{00B11E6B-AC15-452D-849C-438238FFBE07}.Release|Any CPU.Build.0 = Release|Any CPU
	EndGlobalSection
	GlobalSection(SolutionProperties) = preSolution
		HideSolutionNode = FALSE
	EndGlobalSection
EndGlobal
