
Microsoft Visual Studio Solution File, Format Version 10.00
# Visual Studio 2008
Project("{FAE04EC0-301F-11D3-BF4B-00C04F79EFBC}") = "SMSRecorder", "SMSRecorder\SMSRecorder.csproj", "{FFA3FEB3-67A4-4A2A-9267-FE587D8EC02D}"
EndProject
Global
	GlobalSection(SolutionConfigurationPlatforms) = preSolution
		Debug|Any CPU = Debug|Any CPU
		Release|Any CPU = Release|Any CPU
	EndGlobalSection
	GlobalSection(ProjectConfigurationPlatforms) = postSolution
		{FFA3FEB3-67A4-4A2A-9267-FE587D8EC02D}.Debug|Any CPU.ActiveCfg = Debug|Any CPU
		{FFA3FEB3-67A4-4A2A-9267-FE587D8EC02D}.Debug|Any CPU.Build.0 = Debug|Any CPU
		{FFA3FEB3-67A4-4A2A-9267-FE587D8EC02D}.Release|Any CPU.ActiveCfg = Release|Any CPU
		{FFA3FEB3-67A4-4A2A-9267-FE587D8EC02D}.Release|Any CPU.Build.0 = Release|Any CPU
	EndGlobalSection
	GlobalSection(SolutionProperties) = preSolution
		HideSolutionNode = FALSE
	EndGlobalSection
EndGlobal
