
Microsoft Visual Studio Solution File, Format Version 12.00
# Visual Studio 2013
VisualStudioVersion = 12.0.31101.0
MinimumVisualStudioVersion = 10.0.40219.1
Project("{FAE04EC0-301F-11D3-BF4B-00C04F79EFBC}") = "AppParser", "..\..\trunk\Base\AppParser\AppParser\AppParser.csproj", "{3A5301DF-54F2-4256-8A7C-19145774FD8F}"
EndProject
Project("{FAE04EC0-301F-11D3-BF4B-00C04F79EFBC}") = "RecorderBase", "..\..\trunk\Base\RecorderBase\RecorderBase\RecorderBase.csproj", "{ED8840D6-1F00-4C0F-AF29-7BFE2EFF027B}"
EndProject
Project("{FAE04EC0-301F-11D3-BF4B-00C04F79EFBC}") = "RemoteRecorderTest", "RemoteRecorderTest\RemoteRecorderTest.csproj", "{0A65BF0C-E646-478A-93A3-ED1AA3BFE422}"
EndProject
Project("{FAE04EC0-301F-11D3-BF4B-00C04F79EFBC}") = "Nt2008EventLogFileV_2Recorder", "..\..\trunk\Base\Nt2008EventLogFileV_2Recorder\Nt2008EventLogFileV_2Recorder\Nt2008EventLogFileV_2Recorder.csproj", "{FD6FF666-DAD7-4803-9A9C-F2E7FC286CA6}"
EndProject
Project("{FAE04EC0-301F-11D3-BF4B-00C04F79EFBC}") = "EventLogFileAuditRecorder", "..\..\trunk\Specific Implementations\ParserRecorders\EventLogFileAuditRecorder\EventLogFileAuditRecorder\EventLogFileAuditRecorder.csproj", "{1BF6752D-3DEC-49A8-A859-CB643DEAA213}"
EndProject
Project("{FAE04EC0-301F-11D3-BF4B-00C04F79EFBC}") = "MsSqlUnifiedRecorder", "..\..\trunk\Specific Implementations\UnifiedRecorders\MsSqlUnifiedRecorder\MsSqlUnifiedRecorder\MsSqlUnifiedRecorder.csproj", "{B01E4861-3BAB-4A9E-8BD6-71873EE4527E}"
EndProject
Project("{FAE04EC0-301F-11D3-BF4B-00C04F79EFBC}") = "ArubaUnifiedRecorder", "..\..\trunk\Specific Implementations\UnifiedRecorders\ArubaUnifiedRecorder\ArubaUnifiedRecorder\ArubaUnifiedRecorder.csproj", "{BA9C1780-34CF-4ED8-867E-F3ACA1E0D846}"
EndProject
Project("{FAE04EC0-301F-11D3-BF4B-00C04F79EFBC}") = "BindRecorder", "..\..\trunk\Specific Implementations\ParserRecorders\BindRecorder\BindRecorder\BindRecorder.csproj", "{0F0A6C78-FBF5-4049-9594-F112A5CEDF00}"
EndProject
Project("{FAE04EC0-301F-11D3-BF4B-00C04F79EFBC}") = "BindV9_3_6_1Recorder", "..\..\trunk\Specific Implementations\ParserRecorders\BindV9_3_6_1Recorder\BindV9_3_6_1Recorder\BindV9_3_6_1Recorder.csproj", "{4F2E1058-41BF-4451-9B4D-CDB9812C0572}"
EndProject
Project("{FAE04EC0-301F-11D3-BF4B-00C04F79EFBC}") = "BlueCoatRecorder", "..\..\trunk\Specific Implementations\ParserRecorders\BlueCoatRecorder\BlueCoatRecorder\BlueCoatRecorder.csproj", "{34D6CFBD-4383-491F-B888-89A3889D53D5}"
EndProject
Project("{FAE04EC0-301F-11D3-BF4B-00C04F79EFBC}") = "IisUnifiedRecorder", "..\..\trunk\Specific Implementations\UnifiedRecorders\IisUnifiedRecorder\IisUnifiedRecorder\IisUnifiedRecorder.csproj", "{EB4E3CD3-E98C-4B7D-8A71-425BCD86E7B8}"
EndProject
Project("{FAE04EC0-301F-11D3-BF4B-00C04F79EFBC}") = "EndianSyslogUnifiedRecorder", "..\..\trunk\Specific Implementations\UnifiedRecorders\EndianSyslogUnifiedRecorder\EndianSyslogUnifiedRecorder\EndianSyslogUnifiedRecorder.csproj", "{2BB598AB-91BE-4872-8499-EE10E1DC1E10}"
EndProject
Project("{FAE04EC0-301F-11D3-BF4B-00C04F79EFBC}") = "ApacheAccessUnifiedRecorder", "..\..\trunk\Specific Implementations\UnifiedRecorders\ApacheAccessUnifiedRecorder\ApacheAccessUnifiedRecorder\ApacheAccessUnifiedRecorder.csproj", "{E4EEA3E1-D5ED-4E9A-AA29-6F2D9506FEAF}"
EndProject
Project("{FAE04EC0-301F-11D3-BF4B-00C04F79EFBC}") = "ApacheErrorUnifiedRecorder", "..\..\trunk\Specific Implementations\UnifiedRecorders\ApacheErrorUnifiedRecorder\ApacheErrorUnifiedRecorder\ApacheErrorUnifiedRecorder.csproj", "{54438570-917A-4258-9107-18BE7AAB2666}"
EndProject
Project("{FAE04EC0-301F-11D3-BF4B-00C04F79EFBC}") = "Helpers", "..\..\trunk\Base\Helpers\Helpers\Helpers.csproj", "{98B9ACD5-1CA2-4A5A-8F78-BF9D846B11F0}"
EndProject
Project("{FAE04EC0-301F-11D3-BF4B-00C04F79EFBC}") = "LinuxDnsUnifiedRecorder", "..\..\trunk\Specific Implementations\UnifiedRecorders\LinuxDnsUnifiedRecorder\LinuxDnsUnifiedRecorder\LinuxDnsUnifiedRecorder.csproj", "{6FFCCC34-1F28-4F98-9D12-7CB68027F6A4}"
EndProject
Project("{FAE04EC0-301F-11D3-BF4B-00C04F79EFBC}") = "PaloAltoTrafficV_1_0_1Recorder", "..\..\trunk\Specific Implementations\ParserRecorders\PaloAltoTrafficV_1_0_1Recorder\PaloAltoTrafficV_1_0_1Recorder\PaloAltoTrafficV_1_0_1Recorder.csproj", "{978FA717-4084-4401-B055-A1B7D80B260C}"
EndProject
Project("{FAE04EC0-301F-11D3-BF4B-00C04F79EFBC}") = "ExchangeUnifiedRecorder", "..\..\trunk\Specific Implementations\UnifiedRecorders\ExchangeUnifiedRecorder\ExchangeUnifiedRecorder\ExchangeUnifiedRecorder.csproj", "{A1E32DAD-B98A-4873-BD86-2D2DE96B5873}"
EndProject
Project("{FAE04EC0-301F-11D3-BF4B-00C04F79EFBC}") = "McafeeGatewayUnifiedRecorder", "..\..\trunk\Specific Implementations\UnifiedRecorders\McafeeGatewayUnifiedRecorder\McafeeGatewayUnifiedRecorder\McafeeGatewayUnifiedRecorder.csproj", "{69636A87-3D91-4639-AFF4-9777E464282C}"
EndProject
Project("{FAE04EC0-301F-11D3-BF4B-00C04F79EFBC}") = "WebsenseV_7_7_2SyslogRecorder", "..\..\trunk\Specific Implementations\SyslogRecorders\WebsenseV_7_7_2SyslogRecorder\WebsenseV_7_7_2SyslogRecorder\WebsenseV_7_7_2SyslogRecorder.csproj", "{D4D0056C-3DFD-4495-938F-3EDC2024ED37}"
EndProject
Project("{FAE04EC0-301F-11D3-BF4B-00C04F79EFBC}") = "WSenseSyslogV_1_0_1Recorder", "..\..\trunk\Specific Implementations\SyslogRecorders\WSenseSyslogV_1_0_1Recorder\WSenseSyslogV_1_0_1Recorder\WSenseSyslogV_1_0_1Recorder.csproj", "{523E41C8-ED90-465D-991D-CF890769E2E8}"
EndProject
Project("{FAE04EC0-301F-11D3-BF4B-00C04F79EFBC}") = "JuniperSslVpnUnifiedRecorder", "..\..\trunk\Specific Implementations\UnifiedRecorders\JuniperSslVpnUnifiedRecorder\JuniperSslVpnUnifiedRecorder\JuniperSslVpnUnifiedRecorder.csproj", "{7CF554A0-D0FB-4505-AB39-4BD792CC2B70}"
EndProject
Project("{FAE04EC0-301F-11D3-BF4B-00C04F79EFBC}") = "JuniperSyslogV6UnifiedRecorder", "..\..\trunk\Specific Implementations\UnifiedRecorders\JuniperSyslogV6UnifiedRecorder\JuniperSyslogV6UnifiedRecorder\JuniperSyslogV6UnifiedRecorder.csproj", "{F1DF5A48-8AE5-4300-8B0F-931EBF4342FB}"
EndProject
Project("{FAE04EC0-301F-11D3-BF4B-00C04F79EFBC}") = "RadiusUnifiedRecorder", "..\..\trunk\Specific Implementations\UnifiedRecorders\RadiusUnifiedRecorder\RadiusUnifiedRecorder\RadiusUnifiedRecorder.csproj", "{41501572-A8A7-4F39-BCDD-24269D354776}"
EndProject
Project("{FAE04EC0-301F-11D3-BF4B-00C04F79EFBC}") = "SophosUnifiedRecorder", "..\..\trunk\Specific Implementations\UnifiedRecorders\SophosUnifiedRecorder\SophosUnifiedRecorder\SophosUnifiedRecorder.csproj", "{403A4569-8B33-42D3-901B-C7EE03C7FC0E}"
EndProject
Project("{FAE04EC0-301F-11D3-BF4B-00C04F79EFBC}") = "LinuxGeneralPurposeUnifiedRecorder", "..\..\trunk\Specific Implementations\UnifiedRecorders\LinuxGeneralPurposeUnifiedRecorder\LinuxGeneralPurposeUnifiedRecorder\LinuxGeneralPurposeUnifiedRecorder.csproj", "{750811AF-139E-46A7-81AE-3AB34AE6BBAD}"
EndProject
Project("{FAE04EC0-301F-11D3-BF4B-00C04F79EFBC}") = "LinuxGeneralPurposeRecorder", "..\..\trunk\Specific Implementations\UnifiedRecorders\LinuxGeneralPurposeRecorder\LinuxGeneralPurposeRecorder\LinuxGeneralPurposeRecorder.csproj", "{5AE55966-9A22-4A1B-AFED-720D75C9C113}"
EndProject
Project("{FAE04EC0-301F-11D3-BF4B-00C04F79EFBC}") = "LabrisNetworkSyslogUnifiedRecorder", "..\..\trunk\Specific Implementations\UnifiedRecorders\LabrisNetworkSyslogUnifiedRecorder\LabrisNetworkSyslogUnifiedRecorder\LabrisNetworkSyslogUnifiedRecorder.csproj", "{682B245B-1805-447C-ADCF-A1888D71A01F}"
EndProject
Project("{FAE04EC0-301F-11D3-BF4B-00C04F79EFBC}") = "NetsafeFirewallUnifiedRecorder", "..\..\trunk\Specific Implementations\UnifiedRecorders\NetsafeFirewallUnifiedRecorder\NetsafeFirewallUnifiedRecorder\NetsafeFirewallUnifiedRecorder.csproj", "{18F01186-D378-4B89-BBDE-A439FA88C9A1}"
EndProject
Project("{FAE04EC0-301F-11D3-BF4B-00C04F79EFBC}") = "ApacheSyslogUnifiedRecorder", "..\..\trunk\Specific Implementations\UnifiedRecorders\ApacheSyslogUnifiedRecorder\ApacheSyslogUnifiedRecorder\ApacheSyslogUnifiedRecorder.csproj", "{145D1D7A-6742-4025-B4F1-B9CED0C462D0}"
EndProject
Project("{FAE04EC0-301F-11D3-BF4B-00C04F79EFBC}") = "LinuxHistoryRecorder", "..\..\trunk\Specific Implementations\UnifiedRecorders\LinuxHistoryRecorder\LinuxHistoryRecorder\LinuxHistoryRecorder.csproj", "{6AB1867A-132B-40B9-864D-4A814AE5422E}"
EndProject
Project("{FAE04EC0-301F-11D3-BF4B-00C04F79EFBC}") = "LinuxDhcpUnifiedRecorder", "..\..\trunk\Specific Implementations\UnifiedRecorders\LinuxDhcpUnifiedRecorder\LinuxDhcpUnifiedRecorder\LinuxDhcpUnifiedRecorder.csproj", "{7AF56B40-7F26-487F-8CC6-DC40E55696E5}"
EndProject
Project("{FAE04EC0-301F-11D3-BF4B-00C04F79EFBC}") = "LinuxJobsUnifiedRecorder", "..\..\trunk\Specific Implementations\UnifiedRecorders\LinuxJobsUnifiedRecorder\LinuxJobsUnifiedRecorder\LinuxJobsUnifiedRecorder.csproj", "{BFB5BBBB-3861-40F6-A48F-D0F5361AA795}"
EndProject
Project("{FAE04EC0-301F-11D3-BF4B-00C04F79EFBC}") = "MysqlUnifiedRecorder", "..\..\trunk\Specific Implementations\UnifiedRecorders\MysqlUnifiedRecorder\MysqlUnifiedRecorder\MysqlUnifiedRecorder.csproj", "{FC315568-2DF2-46D0-AA5F-6BDFFD6BB0C0}"
EndProject
Project("{FAE04EC0-301F-11D3-BF4B-00C04F79EFBC}") = "Ftp2012UnifiedRecorder", "..\..\trunk\Specific Implementations\UnifiedRecorders\FTP2012UnifiedRecorder\Ftp2012UnifiedRecorder\Ftp2012UnifiedRecorder.csproj", "{9E17261D-C315-4FE3-8951-62540DF195AB}"
EndProject
Project("{FAE04EC0-301F-11D3-BF4B-00C04F79EFBC}") = "PhpApacheUnifiedRecorder", "..\..\trunk\Specific Implementations\UnifiedRecorders\PhpApacheUnifiedRecorder\PhpApacheUnifiedRecorder\PhpApacheUnifiedRecorder.csproj", "{683D365E-2C5B-426D-94F3-A395D18481D8}"
EndProject
Project("{FAE04EC0-301F-11D3-BF4B-00C04F79EFBC}") = "PaloAltoUrlUnifiedRecorder", "..\..\trunk\Specific Implementations\UnifiedRecorders\PaloAltoUrlUnifiedRecorder\PaloAltoUrlUnifiedRecorder\PaloAltoUrlUnifiedRecorder.csproj", "{AA4E426F-8911-44CB-82DA-604EEB6A6E13}"
EndProject
Project("{FAE04EC0-301F-11D3-BF4B-00C04F79EFBC}") = "PhpFtpUnifiedRecorder", "..\..\trunk\Specific Implementations\UnifiedRecorders\PhpFtpUnifiedRecorder\PhpFtpUnifiedRecorder\PhpFtpUnifiedRecorder.csproj", "{279BA676-04C3-4D9A-A003-577D98AA9582}"
EndProject
Project("{FAE04EC0-301F-11D3-BF4B-00C04F79EFBC}") = "NginxErrorUnifiedRecorder", "..\..\trunk\Specific Implementations\UnifiedRecorders\NginxErrorUnifiedRecorder\NginxErrorUnifiedRecorder\NginxErrorUnifiedRecorder.csproj", "{8C77E177-C0A2-43BB-A683-80D753180D68}"
EndProject
Project("{FAE04EC0-301F-11D3-BF4B-00C04F79EFBC}") = "F5LoadBalancerUnifiedRecorder", "..\..\trunk\Specific Implementations\UnifiedRecorders\F5LoadBalancerUnifiedRecorder\F5LoadBalancerUnifiedRecorder\F5LoadBalancerUnifiedRecorder.csproj", "{97E7FB47-BF1E-48C8-9069-C37F6FDE0099}"
EndProject
Project("{FAE04EC0-301F-11D3-BF4B-00C04F79EFBC}") = "F5LoadBalancerVersion2UnifiedRecorder", "..\..\trunk\Specific Implementations\UnifiedRecorders\F5LoadBalancerVersion2UnifiedRecorder\F5LoadBalancerVersion2UnifiedRecorder\F5LoadBalancerVersion2UnifiedRecorder.csproj", "{43B73FB7-C565-4D49-8638-982CBAE09838}"
EndProject
Project("{FAE04EC0-301F-11D3-BF4B-00C04F79EFBC}") = "F5SyslogV_8900_0_0Recorder", "..\..\trunk\Specific Implementations\SyslogRecorders\F5SyslogV_8900_0_0Recorder\F5SyslogV_8900_0_0Recorder\F5SyslogV_8900_0_0Recorder.csproj", "{6AA1B634-771E-459B-AAD3-7E64CD4F0C3F}"
EndProject
Project("{FAE04EC0-301F-11D3-BF4B-00C04F79EFBC}") = "DhcpUnifiedRecorder", "..\..\trunk\Specific Implementations\UnifiedRecorders\DhcpUnifiedRecorder\DhcpUnifiedRecorder\DhcpUnifiedRecorder.csproj", "{12C56D1B-69A6-4240-889A-620078393196}"
EndProject
Project("{FAE04EC0-301F-11D3-BF4B-00C04F79EFBC}") = "LabrisAccessUnifiedRecorder", "..\..\trunk\Specific Implementations\UnifiedRecorders\LabrisAccessUnifiedRecorder\LabrisAccessUnifiedRecorder\LabrisAccessUnifiedRecorder.csproj", "{D6E9A715-DA44-4EBA-AE71-790016CCB0EC}"
EndProject
Project("{FAE04EC0-301F-11D3-BF4B-00C04F79EFBC}") = "PhpFpmUnifiedRecorder", "..\..\trunk\Specific Implementations\UnifiedRecorders\PhpFpmUnifiedRecorder\PhpFpmUnifiedRecorder\PhpFpmUnifiedRecorder.csproj", "{2CC64DFF-6EB0-4E1B-B555-9DA8E04C263A}"
EndProject
Project("{FAE04EC0-301F-11D3-BF4B-00C04F79EFBC}") = "KerioMailUnifiedRecorder", "..\..\trunk\Specific Implementations\UnifiedRecorders\KerioMailUnifiedRecorder\KerioMailUnifiedRecorder\KerioMailUnifiedRecorder.csproj", "{8751E7BB-3B52-49F5-8107-20E51B9289F2}"
EndProject
Project("{FAE04EC0-301F-11D3-BF4B-00C04F79EFBC}") = "PfSenseUnifiedRecorder", "..\..\trunk\Specific Implementations\UnifiedRecorders\PfSenseUnifiedRecorder\PfSenseUnifiedRecorder\PfSenseUnifiedRecorder\PfSenseUnifiedRecorder.csproj", "{3A0E7FD1-DE06-418E-A9F2-1F6B4C1B0F10}"
EndProject
Project("{FAE04EC0-301F-11D3-BF4B-00C04F79EFBC}") = "SambaUnifiedRecorder", "..\..\trunk\Specific Implementations\UnifiedRecorders\SambaUnifiedRecorder\SambaUnifiedRecorder\SambaUnifiedRecorder.csproj", "{79BDB123-D4AB-4FC3-8F52-8D80E94C414D}"
EndProject
Project("{FAE04EC0-301F-11D3-BF4B-00C04F79EFBC}") = "JuniperPendikUnifiedRecorder", "..\..\trunk\Specific Implementations\UnifiedRecorders\JuniperPendikUnifiedRecorder\JuniperPendikUnifiedRecorder\JuniperPendikUnifiedRecorder.csproj", "{3B96FA10-4B00-4931-83AF-67B4B85EFC9A}"
EndProject
Project("{FAE04EC0-301F-11D3-BF4B-00C04F79EFBC}") = "PaloAltoTrafficV_1_0_1SyslogRecorder", "..\..\trunk\Specific Implementations\SyslogRecorders\PaloAltoTrafficV_1_0_1SyslogRecorder\PaloAltoTrafficV_1_0_1SyslogRecorder\PaloAltoTrafficV_1_0_1SyslogRecorder.csproj", "{4252537D-9759-4187-8369-281E8B486D2B}"
EndProject
Project("{FAE04EC0-301F-11D3-BF4B-00C04F79EFBC}") = "PaloAltoUnifiedSyslogRecorder", "..\..\trunk\Specific Implementations\UnifiedRecorders\PaloAltoUnifiedSyslogRecorder\PaloAltoUnifiedSyslogRecorder\PaloAltoUnifiedSyslogRecorder.csproj", "{D02C6BCE-B9EB-4D39-8079-EC58EFF987A4}"
EndProject
Project("{FAE04EC0-301F-11D3-BF4B-00C04F79EFBC}") = "PaloAltoUnifiedRecorder", "..\..\trunk\Specific Implementations\UnifiedRecorders\PaloAltoUnifiedRecorder\PaloAltoUnifiedRecorder\PaloAltoUnifiedRecorder.csproj", "{3A69BC5C-EADD-4CC0-86F8-203428C0711A}"
EndProject
Global
	GlobalSection(SolutionConfigurationPlatforms) = preSolution
		Debug|Any CPU = Debug|Any CPU
		Debug|Mixed Platforms = Debug|Mixed Platforms
		Debug|x64 = Debug|x64
		Debug|x86 = Debug|x86
		Release|Any CPU = Release|Any CPU
		Release|Mixed Platforms = Release|Mixed Platforms
		Release|x64 = Release|x64
		Release|x86 = Release|x86
	EndGlobalSection
	GlobalSection(ProjectConfigurationPlatforms) = postSolution
		{3A5301DF-54F2-4256-8A7C-19145774FD8F}.Debug|Any CPU.ActiveCfg = Debug|Any CPU
		{3A5301DF-54F2-4256-8A7C-19145774FD8F}.Debug|Any CPU.Build.0 = Debug|Any CPU
		{3A5301DF-54F2-4256-8A7C-19145774FD8F}.Debug|Mixed Platforms.ActiveCfg = Debug|Any CPU
		{3A5301DF-54F2-4256-8A7C-19145774FD8F}.Debug|Mixed Platforms.Build.0 = Debug|Any CPU
		{3A5301DF-54F2-4256-8A7C-19145774FD8F}.Debug|x64.ActiveCfg = Debug|Any CPU
		{3A5301DF-54F2-4256-8A7C-19145774FD8F}.Debug|x86.ActiveCfg = Debug|Any CPU
		{3A5301DF-54F2-4256-8A7C-19145774FD8F}.Release|Any CPU.ActiveCfg = Release|Any CPU
		{3A5301DF-54F2-4256-8A7C-19145774FD8F}.Release|Any CPU.Build.0 = Release|Any CPU
		{3A5301DF-54F2-4256-8A7C-19145774FD8F}.Release|Mixed Platforms.ActiveCfg = Release|Any CPU
		{3A5301DF-54F2-4256-8A7C-19145774FD8F}.Release|Mixed Platforms.Build.0 = Release|Any CPU
		{3A5301DF-54F2-4256-8A7C-19145774FD8F}.Release|x64.ActiveCfg = Release|Any CPU
		{3A5301DF-54F2-4256-8A7C-19145774FD8F}.Release|x86.ActiveCfg = Release|Any CPU
		{ED8840D6-1F00-4C0F-AF29-7BFE2EFF027B}.Debug|Any CPU.ActiveCfg = Debug|Any CPU
		{ED8840D6-1F00-4C0F-AF29-7BFE2EFF027B}.Debug|Any CPU.Build.0 = Debug|Any CPU
		{ED8840D6-1F00-4C0F-AF29-7BFE2EFF027B}.Debug|Mixed Platforms.ActiveCfg = Debug|Any CPU
		{ED8840D6-1F00-4C0F-AF29-7BFE2EFF027B}.Debug|Mixed Platforms.Build.0 = Debug|Any CPU
		{ED8840D6-1F00-4C0F-AF29-7BFE2EFF027B}.Debug|x64.ActiveCfg = Debug|Any CPU
		{ED8840D6-1F00-4C0F-AF29-7BFE2EFF027B}.Debug|x86.ActiveCfg = Release|Any CPU
		{ED8840D6-1F00-4C0F-AF29-7BFE2EFF027B}.Release|Any CPU.ActiveCfg = Release|Any CPU
		{ED8840D6-1F00-4C0F-AF29-7BFE2EFF027B}.Release|Any CPU.Build.0 = Release|Any CPU
		{ED8840D6-1F00-4C0F-AF29-7BFE2EFF027B}.Release|Mixed Platforms.ActiveCfg = Release|Any CPU
		{ED8840D6-1F00-4C0F-AF29-7BFE2EFF027B}.Release|Mixed Platforms.Build.0 = Release|Any CPU
		{ED8840D6-1F00-4C0F-AF29-7BFE2EFF027B}.Release|x64.ActiveCfg = Release|Any CPU
		{ED8840D6-1F00-4C0F-AF29-7BFE2EFF027B}.Release|x86.ActiveCfg = Release|Any CPU
		{0A65BF0C-E646-478A-93A3-ED1AA3BFE422}.Debug|Any CPU.ActiveCfg = Debug|Any CPU
		{0A65BF0C-E646-478A-93A3-ED1AA3BFE422}.Debug|Any CPU.Build.0 = Debug|Any CPU
		{0A65BF0C-E646-478A-93A3-ED1AA3BFE422}.Debug|Mixed Platforms.ActiveCfg = Debug|x86
		{0A65BF0C-E646-478A-93A3-ED1AA3BFE422}.Debug|Mixed Platforms.Build.0 = Debug|x86
		{0A65BF0C-E646-478A-93A3-ED1AA3BFE422}.Debug|x64.ActiveCfg = Debug|Any CPU
		{0A65BF0C-E646-478A-93A3-ED1AA3BFE422}.Debug|x86.ActiveCfg = Debug|x86
		{0A65BF0C-E646-478A-93A3-ED1AA3BFE422}.Debug|x86.Build.0 = Debug|x86
		{0A65BF0C-E646-478A-93A3-ED1AA3BFE422}.Release|Any CPU.ActiveCfg = Release|Any CPU
		{0A65BF0C-E646-478A-93A3-ED1AA3BFE422}.Release|Any CPU.Build.0 = Release|Any CPU
		{0A65BF0C-E646-478A-93A3-ED1AA3BFE422}.Release|Mixed Platforms.ActiveCfg = Release|x86
		{0A65BF0C-E646-478A-93A3-ED1AA3BFE422}.Release|Mixed Platforms.Build.0 = Release|x86
		{0A65BF0C-E646-478A-93A3-ED1AA3BFE422}.Release|x64.ActiveCfg = Release|Any CPU
		{0A65BF0C-E646-478A-93A3-ED1AA3BFE422}.Release|x86.ActiveCfg = Release|x86
		{0A65BF0C-E646-478A-93A3-ED1AA3BFE422}.Release|x86.Build.0 = Release|x86
		{FD6FF666-DAD7-4803-9A9C-F2E7FC286CA6}.Debug|Any CPU.ActiveCfg = Debug|Any CPU
		{FD6FF666-DAD7-4803-9A9C-F2E7FC286CA6}.Debug|Any CPU.Build.0 = Debug|Any CPU
		{FD6FF666-DAD7-4803-9A9C-F2E7FC286CA6}.Debug|Mixed Platforms.ActiveCfg = Debug|Any CPU
		{FD6FF666-DAD7-4803-9A9C-F2E7FC286CA6}.Debug|Mixed Platforms.Build.0 = Debug|Any CPU
		{FD6FF666-DAD7-4803-9A9C-F2E7FC286CA6}.Debug|x64.ActiveCfg = Debug|Any CPU
		{FD6FF666-DAD7-4803-9A9C-F2E7FC286CA6}.Debug|x86.ActiveCfg = Debug|Any CPU
		{FD6FF666-DAD7-4803-9A9C-F2E7FC286CA6}.Release|Any CPU.ActiveCfg = Release|Any CPU
		{FD6FF666-DAD7-4803-9A9C-F2E7FC286CA6}.Release|Any CPU.Build.0 = Release|Any CPU
		{FD6FF666-DAD7-4803-9A9C-F2E7FC286CA6}.Release|Mixed Platforms.ActiveCfg = Release|Any CPU
		{FD6FF666-DAD7-4803-9A9C-F2E7FC286CA6}.Release|Mixed Platforms.Build.0 = Release|Any CPU
		{FD6FF666-DAD7-4803-9A9C-F2E7FC286CA6}.Release|x64.ActiveCfg = Release|Any CPU
		{FD6FF666-DAD7-4803-9A9C-F2E7FC286CA6}.Release|x86.ActiveCfg = Release|Any CPU
		{1BF6752D-3DEC-49A8-A859-CB643DEAA213}.Debug|Any CPU.ActiveCfg = Debug|Any CPU
		{1BF6752D-3DEC-49A8-A859-CB643DEAA213}.Debug|Any CPU.Build.0 = Debug|Any CPU
		{1BF6752D-3DEC-49A8-A859-CB643DEAA213}.Debug|Mixed Platforms.ActiveCfg = Debug|Any CPU
		{1BF6752D-3DEC-49A8-A859-CB643DEAA213}.Debug|Mixed Platforms.Build.0 = Debug|Any CPU
		{1BF6752D-3DEC-49A8-A859-CB643DEAA213}.Debug|x64.ActiveCfg = Debug|Any CPU
		{1BF6752D-3DEC-49A8-A859-CB643DEAA213}.Debug|x86.ActiveCfg = Debug|Any CPU
		{1BF6752D-3DEC-49A8-A859-CB643DEAA213}.Release|Any CPU.ActiveCfg = Release|Any CPU
		{1BF6752D-3DEC-49A8-A859-CB643DEAA213}.Release|Any CPU.Build.0 = Release|Any CPU
		{1BF6752D-3DEC-49A8-A859-CB643DEAA213}.Release|Mixed Platforms.ActiveCfg = Release|Any CPU
		{1BF6752D-3DEC-49A8-A859-CB643DEAA213}.Release|Mixed Platforms.Build.0 = Release|Any CPU
		{1BF6752D-3DEC-49A8-A859-CB643DEAA213}.Release|x64.ActiveCfg = Release|Any CPU
		{1BF6752D-3DEC-49A8-A859-CB643DEAA213}.Release|x86.ActiveCfg = Release|Any CPU
		{B01E4861-3BAB-4A9E-8BD6-71873EE4527E}.Debug|Any CPU.ActiveCfg = Debug|Any CPU
		{B01E4861-3BAB-4A9E-8BD6-71873EE4527E}.Debug|Any CPU.Build.0 = Debug|Any CPU
		{B01E4861-3BAB-4A9E-8BD6-71873EE4527E}.Debug|Mixed Platforms.ActiveCfg = Debug|Any CPU
		{B01E4861-3BAB-4A9E-8BD6-71873EE4527E}.Debug|Mixed Platforms.Build.0 = Debug|Any CPU
		{B01E4861-3BAB-4A9E-8BD6-71873EE4527E}.Debug|x64.ActiveCfg = Debug|Any CPU
		{B01E4861-3BAB-4A9E-8BD6-71873EE4527E}.Debug|x86.ActiveCfg = Debug|Any CPU
		{B01E4861-3BAB-4A9E-8BD6-71873EE4527E}.Release|Any CPU.ActiveCfg = Release|Any CPU
		{B01E4861-3BAB-4A9E-8BD6-71873EE4527E}.Release|Any CPU.Build.0 = Release|Any CPU
		{B01E4861-3BAB-4A9E-8BD6-71873EE4527E}.Release|Mixed Platforms.ActiveCfg = Release|Any CPU
		{B01E4861-3BAB-4A9E-8BD6-71873EE4527E}.Release|Mixed Platforms.Build.0 = Release|Any CPU
		{B01E4861-3BAB-4A9E-8BD6-71873EE4527E}.Release|x64.ActiveCfg = Release|Any CPU
		{B01E4861-3BAB-4A9E-8BD6-71873EE4527E}.Release|x86.ActiveCfg = Release|Any CPU
		{BA9C1780-34CF-4ED8-867E-F3ACA1E0D846}.Debug|Any CPU.ActiveCfg = Debug|Any CPU
		{BA9C1780-34CF-4ED8-867E-F3ACA1E0D846}.Debug|Any CPU.Build.0 = Debug|Any CPU
		{BA9C1780-34CF-4ED8-867E-F3ACA1E0D846}.Debug|Mixed Platforms.ActiveCfg = Debug|Any CPU
		{BA9C1780-34CF-4ED8-867E-F3ACA1E0D846}.Debug|Mixed Platforms.Build.0 = Debug|Any CPU
		{BA9C1780-34CF-4ED8-867E-F3ACA1E0D846}.Debug|x64.ActiveCfg = Debug|Any CPU
		{BA9C1780-34CF-4ED8-867E-F3ACA1E0D846}.Debug|x86.ActiveCfg = Debug|Any CPU
		{BA9C1780-34CF-4ED8-867E-F3ACA1E0D846}.Release|Any CPU.ActiveCfg = Release|Any CPU
		{BA9C1780-34CF-4ED8-867E-F3ACA1E0D846}.Release|Any CPU.Build.0 = Release|Any CPU
		{BA9C1780-34CF-4ED8-867E-F3ACA1E0D846}.Release|Mixed Platforms.ActiveCfg = Release|Any CPU
		{BA9C1780-34CF-4ED8-867E-F3ACA1E0D846}.Release|Mixed Platforms.Build.0 = Release|Any CPU
		{BA9C1780-34CF-4ED8-867E-F3ACA1E0D846}.Release|x64.ActiveCfg = Release|Any CPU
		{BA9C1780-34CF-4ED8-867E-F3ACA1E0D846}.Release|x86.ActiveCfg = Release|Any CPU
		{0F0A6C78-FBF5-4049-9594-F112A5CEDF00}.Debug|Any CPU.ActiveCfg = Debug|Any CPU
		{0F0A6C78-FBF5-4049-9594-F112A5CEDF00}.Debug|Any CPU.Build.0 = Debug|Any CPU
		{0F0A6C78-FBF5-4049-9594-F112A5CEDF00}.Debug|Mixed Platforms.ActiveCfg = Debug|Any CPU
		{0F0A6C78-FBF5-4049-9594-F112A5CEDF00}.Debug|Mixed Platforms.Build.0 = Debug|Any CPU
		{0F0A6C78-FBF5-4049-9594-F112A5CEDF00}.Debug|x64.ActiveCfg = Debug|Any CPU
		{0F0A6C78-FBF5-4049-9594-F112A5CEDF00}.Debug|x86.ActiveCfg = Debug|Any CPU
		{0F0A6C78-FBF5-4049-9594-F112A5CEDF00}.Release|Any CPU.ActiveCfg = Release|Any CPU
		{0F0A6C78-FBF5-4049-9594-F112A5CEDF00}.Release|Any CPU.Build.0 = Release|Any CPU
		{0F0A6C78-FBF5-4049-9594-F112A5CEDF00}.Release|Mixed Platforms.ActiveCfg = Release|Any CPU
		{0F0A6C78-FBF5-4049-9594-F112A5CEDF00}.Release|Mixed Platforms.Build.0 = Release|Any CPU
		{0F0A6C78-FBF5-4049-9594-F112A5CEDF00}.Release|x64.ActiveCfg = Release|Any CPU
		{0F0A6C78-FBF5-4049-9594-F112A5CEDF00}.Release|x86.ActiveCfg = Release|Any CPU
		{4F2E1058-41BF-4451-9B4D-CDB9812C0572}.Debug|Any CPU.ActiveCfg = Debug|Any CPU
		{4F2E1058-41BF-4451-9B4D-CDB9812C0572}.Debug|Any CPU.Build.0 = Debug|Any CPU
		{4F2E1058-41BF-4451-9B4D-CDB9812C0572}.Debug|Mixed Platforms.ActiveCfg = Debug|Any CPU
		{4F2E1058-41BF-4451-9B4D-CDB9812C0572}.Debug|Mixed Platforms.Build.0 = Debug|Any CPU
		{4F2E1058-41BF-4451-9B4D-CDB9812C0572}.Debug|x64.ActiveCfg = Debug|Any CPU
		{4F2E1058-41BF-4451-9B4D-CDB9812C0572}.Debug|x86.ActiveCfg = Debug|Any CPU
		{4F2E1058-41BF-4451-9B4D-CDB9812C0572}.Release|Any CPU.ActiveCfg = Release|Any CPU
		{4F2E1058-41BF-4451-9B4D-CDB9812C0572}.Release|Any CPU.Build.0 = Release|Any CPU
		{4F2E1058-41BF-4451-9B4D-CDB9812C0572}.Release|Mixed Platforms.ActiveCfg = Release|Any CPU
		{4F2E1058-41BF-4451-9B4D-CDB9812C0572}.Release|Mixed Platforms.Build.0 = Release|Any CPU
		{4F2E1058-41BF-4451-9B4D-CDB9812C0572}.Release|x64.ActiveCfg = Release|Any CPU
		{4F2E1058-41BF-4451-9B4D-CDB9812C0572}.Release|x86.ActiveCfg = Release|Any CPU
		{34D6CFBD-4383-491F-B888-89A3889D53D5}.Debug|Any CPU.ActiveCfg = Debug|Any CPU
		{34D6CFBD-4383-491F-B888-89A3889D53D5}.Debug|Any CPU.Build.0 = Debug|Any CPU
		{34D6CFBD-4383-491F-B888-89A3889D53D5}.Debug|Mixed Platforms.ActiveCfg = Debug|Any CPU
		{34D6CFBD-4383-491F-B888-89A3889D53D5}.Debug|Mixed Platforms.Build.0 = Debug|Any CPU
		{34D6CFBD-4383-491F-B888-89A3889D53D5}.Debug|x64.ActiveCfg = Debug|Any CPU
		{34D6CFBD-4383-491F-B888-89A3889D53D5}.Debug|x86.ActiveCfg = Debug|Any CPU
		{34D6CFBD-4383-491F-B888-89A3889D53D5}.Release|Any CPU.ActiveCfg = Release|Any CPU
		{34D6CFBD-4383-491F-B888-89A3889D53D5}.Release|Any CPU.Build.0 = Release|Any CPU
		{34D6CFBD-4383-491F-B888-89A3889D53D5}.Release|Mixed Platforms.ActiveCfg = Release|Any CPU
		{34D6CFBD-4383-491F-B888-89A3889D53D5}.Release|Mixed Platforms.Build.0 = Release|Any CPU
		{34D6CFBD-4383-491F-B888-89A3889D53D5}.Release|x64.ActiveCfg = Release|Any CPU
		{34D6CFBD-4383-491F-B888-89A3889D53D5}.Release|x86.ActiveCfg = Release|Any CPU
		{EB4E3CD3-E98C-4B7D-8A71-425BCD86E7B8}.Debug|Any CPU.ActiveCfg = Debug|Any CPU
		{EB4E3CD3-E98C-4B7D-8A71-425BCD86E7B8}.Debug|Any CPU.Build.0 = Debug|Any CPU
		{EB4E3CD3-E98C-4B7D-8A71-425BCD86E7B8}.Debug|Mixed Platforms.ActiveCfg = Debug|Any CPU
		{EB4E3CD3-E98C-4B7D-8A71-425BCD86E7B8}.Debug|Mixed Platforms.Build.0 = Debug|Any CPU
		{EB4E3CD3-E98C-4B7D-8A71-425BCD86E7B8}.Debug|x64.ActiveCfg = Debug|Any CPU
		{EB4E3CD3-E98C-4B7D-8A71-425BCD86E7B8}.Debug|x86.ActiveCfg = Debug|Any CPU
		{EB4E3CD3-E98C-4B7D-8A71-425BCD86E7B8}.Release|Any CPU.ActiveCfg = Release|Any CPU
		{EB4E3CD3-E98C-4B7D-8A71-425BCD86E7B8}.Release|Any CPU.Build.0 = Release|Any CPU
		{EB4E3CD3-E98C-4B7D-8A71-425BCD86E7B8}.Release|Mixed Platforms.ActiveCfg = Release|Any CPU
		{EB4E3CD3-E98C-4B7D-8A71-425BCD86E7B8}.Release|Mixed Platforms.Build.0 = Release|Any CPU
		{EB4E3CD3-E98C-4B7D-8A71-425BCD86E7B8}.Release|x64.ActiveCfg = Release|Any CPU
		{EB4E3CD3-E98C-4B7D-8A71-425BCD86E7B8}.Release|x86.ActiveCfg = Release|Any CPU
		{2BB598AB-91BE-4872-8499-EE10E1DC1E10}.Debug|Any CPU.ActiveCfg = Debug|Any CPU
		{2BB598AB-91BE-4872-8499-EE10E1DC1E10}.Debug|Any CPU.Build.0 = Debug|Any CPU
		{2BB598AB-91BE-4872-8499-EE10E1DC1E10}.Debug|Mixed Platforms.ActiveCfg = Debug|Any CPU
		{2BB598AB-91BE-4872-8499-EE10E1DC1E10}.Debug|Mixed Platforms.Build.0 = Debug|Any CPU
		{2BB598AB-91BE-4872-8499-EE10E1DC1E10}.Debug|x64.ActiveCfg = Debug|Any CPU
		{2BB598AB-91BE-4872-8499-EE10E1DC1E10}.Debug|x86.ActiveCfg = Debug|Any CPU
		{2BB598AB-91BE-4872-8499-EE10E1DC1E10}.Release|Any CPU.ActiveCfg = Release|Any CPU
		{2BB598AB-91BE-4872-8499-EE10E1DC1E10}.Release|Any CPU.Build.0 = Release|Any CPU
		{2BB598AB-91BE-4872-8499-EE10E1DC1E10}.Release|Mixed Platforms.ActiveCfg = Release|Any CPU
		{2BB598AB-91BE-4872-8499-EE10E1DC1E10}.Release|Mixed Platforms.Build.0 = Release|Any CPU
		{2BB598AB-91BE-4872-8499-EE10E1DC1E10}.Release|x64.ActiveCfg = Release|Any CPU
		{2BB598AB-91BE-4872-8499-EE10E1DC1E10}.Release|x86.ActiveCfg = Release|Any CPU
		{E4EEA3E1-D5ED-4E9A-AA29-6F2D9506FEAF}.Debug|Any CPU.ActiveCfg = Debug|Any CPU
		{E4EEA3E1-D5ED-4E9A-AA29-6F2D9506FEAF}.Debug|Any CPU.Build.0 = Debug|Any CPU
		{E4EEA3E1-D5ED-4E9A-AA29-6F2D9506FEAF}.Debug|Mixed Platforms.ActiveCfg = Debug|Any CPU
		{E4EEA3E1-D5ED-4E9A-AA29-6F2D9506FEAF}.Debug|Mixed Platforms.Build.0 = Debug|Any CPU
		{E4EEA3E1-D5ED-4E9A-AA29-6F2D9506FEAF}.Debug|x64.ActiveCfg = Debug|Any CPU
		{E4EEA3E1-D5ED-4E9A-AA29-6F2D9506FEAF}.Debug|x86.ActiveCfg = Debug|Any CPU
		{E4EEA3E1-D5ED-4E9A-AA29-6F2D9506FEAF}.Release|Any CPU.ActiveCfg = Release|Any CPU
		{E4EEA3E1-D5ED-4E9A-AA29-6F2D9506FEAF}.Release|Any CPU.Build.0 = Release|Any CPU
		{E4EEA3E1-D5ED-4E9A-AA29-6F2D9506FEAF}.Release|Mixed Platforms.ActiveCfg = Release|Any CPU
		{E4EEA3E1-D5ED-4E9A-AA29-6F2D9506FEAF}.Release|Mixed Platforms.Build.0 = Release|Any CPU
		{E4EEA3E1-D5ED-4E9A-AA29-6F2D9506FEAF}.Release|x64.ActiveCfg = Release|Any CPU
		{E4EEA3E1-D5ED-4E9A-AA29-6F2D9506FEAF}.Release|x86.ActiveCfg = Release|Any CPU
		{54438570-917A-4258-9107-18BE7AAB2666}.Debug|Any CPU.ActiveCfg = Debug|Any CPU
		{54438570-917A-4258-9107-18BE7AAB2666}.Debug|Any CPU.Build.0 = Debug|Any CPU
		{54438570-917A-4258-9107-18BE7AAB2666}.Debug|Mixed Platforms.ActiveCfg = Debug|Any CPU
		{54438570-917A-4258-9107-18BE7AAB2666}.Debug|Mixed Platforms.Build.0 = Debug|Any CPU
		{54438570-917A-4258-9107-18BE7AAB2666}.Debug|x64.ActiveCfg = Debug|Any CPU
		{54438570-917A-4258-9107-18BE7AAB2666}.Debug|x86.ActiveCfg = Debug|Any CPU
		{54438570-917A-4258-9107-18BE7AAB2666}.Release|Any CPU.ActiveCfg = Release|Any CPU
		{54438570-917A-4258-9107-18BE7AAB2666}.Release|Any CPU.Build.0 = Release|Any CPU
		{54438570-917A-4258-9107-18BE7AAB2666}.Release|Mixed Platforms.ActiveCfg = Release|Any CPU
		{54438570-917A-4258-9107-18BE7AAB2666}.Release|Mixed Platforms.Build.0 = Release|Any CPU
		{54438570-917A-4258-9107-18BE7AAB2666}.Release|x64.ActiveCfg = Release|Any CPU
		{54438570-917A-4258-9107-18BE7AAB2666}.Release|x86.ActiveCfg = Release|Any CPU
		{98B9ACD5-1CA2-4A5A-8F78-BF9D846B11F0}.Debug|Any CPU.ActiveCfg = Debug|Any CPU
		{98B9ACD5-1CA2-4A5A-8F78-BF9D846B11F0}.Debug|Any CPU.Build.0 = Debug|Any CPU
		{98B9ACD5-1CA2-4A5A-8F78-BF9D846B11F0}.Debug|Mixed Platforms.ActiveCfg = Debug|Any CPU
		{98B9ACD5-1CA2-4A5A-8F78-BF9D846B11F0}.Debug|Mixed Platforms.Build.0 = Debug|Any CPU
		{98B9ACD5-1CA2-4A5A-8F78-BF9D846B11F0}.Debug|x64.ActiveCfg = Debug|Any CPU
		{98B9ACD5-1CA2-4A5A-8F78-BF9D846B11F0}.Debug|x86.ActiveCfg = Debug|Any CPU
		{98B9ACD5-1CA2-4A5A-8F78-BF9D846B11F0}.Release|Any CPU.ActiveCfg = Release|Any CPU
		{98B9ACD5-1CA2-4A5A-8F78-BF9D846B11F0}.Release|Any CPU.Build.0 = Release|Any CPU
		{98B9ACD5-1CA2-4A5A-8F78-BF9D846B11F0}.Release|Mixed Platforms.ActiveCfg = Release|Any CPU
		{98B9ACD5-1CA2-4A5A-8F78-BF9D846B11F0}.Release|Mixed Platforms.Build.0 = Release|Any CPU
		{98B9ACD5-1CA2-4A5A-8F78-BF9D846B11F0}.Release|x64.ActiveCfg = Release|Any CPU
		{98B9ACD5-1CA2-4A5A-8F78-BF9D846B11F0}.Release|x86.ActiveCfg = Release|Any CPU
		{6FFCCC34-1F28-4F98-9D12-7CB68027F6A4}.Debug|Any CPU.ActiveCfg = Debug|Any CPU
		{6FFCCC34-1F28-4F98-9D12-7CB68027F6A4}.Debug|Any CPU.Build.0 = Debug|Any CPU
		{6FFCCC34-1F28-4F98-9D12-7CB68027F6A4}.Debug|Mixed Platforms.ActiveCfg = Debug|Any CPU
		{6FFCCC34-1F28-4F98-9D12-7CB68027F6A4}.Debug|Mixed Platforms.Build.0 = Debug|Any CPU
		{6FFCCC34-1F28-4F98-9D12-7CB68027F6A4}.Debug|x64.ActiveCfg = Debug|Any CPU
		{6FFCCC34-1F28-4F98-9D12-7CB68027F6A4}.Debug|x86.ActiveCfg = Debug|Any CPU
		{6FFCCC34-1F28-4F98-9D12-7CB68027F6A4}.Release|Any CPU.ActiveCfg = Release|Any CPU
		{6FFCCC34-1F28-4F98-9D12-7CB68027F6A4}.Release|Any CPU.Build.0 = Release|Any CPU
		{6FFCCC34-1F28-4F98-9D12-7CB68027F6A4}.Release|Mixed Platforms.ActiveCfg = Release|Any CPU
		{6FFCCC34-1F28-4F98-9D12-7CB68027F6A4}.Release|Mixed Platforms.Build.0 = Release|Any CPU
		{6FFCCC34-1F28-4F98-9D12-7CB68027F6A4}.Release|x64.ActiveCfg = Release|Any CPU
		{6FFCCC34-1F28-4F98-9D12-7CB68027F6A4}.Release|x86.ActiveCfg = Release|Any CPU
		{978FA717-4084-4401-B055-A1B7D80B260C}.Debug|Any CPU.ActiveCfg = Debug|Any CPU
		{978FA717-4084-4401-B055-A1B7D80B260C}.Debug|Any CPU.Build.0 = Debug|Any CPU
		{978FA717-4084-4401-B055-A1B7D80B260C}.Debug|Mixed Platforms.ActiveCfg = Debug|Any CPU
		{978FA717-4084-4401-B055-A1B7D80B260C}.Debug|Mixed Platforms.Build.0 = Debug|Any CPU
		{978FA717-4084-4401-B055-A1B7D80B260C}.Debug|x64.ActiveCfg = Debug|Any CPU
		{978FA717-4084-4401-B055-A1B7D80B260C}.Debug|x86.ActiveCfg = Debug|Any CPU
		{978FA717-4084-4401-B055-A1B7D80B260C}.Release|Any CPU.ActiveCfg = Release|Any CPU
		{978FA717-4084-4401-B055-A1B7D80B260C}.Release|Any CPU.Build.0 = Release|Any CPU
		{978FA717-4084-4401-B055-A1B7D80B260C}.Release|Mixed Platforms.ActiveCfg = Release|Any CPU
		{978FA717-4084-4401-B055-A1B7D80B260C}.Release|Mixed Platforms.Build.0 = Release|Any CPU
		{978FA717-4084-4401-B055-A1B7D80B260C}.Release|x64.ActiveCfg = Release|Any CPU
		{978FA717-4084-4401-B055-A1B7D80B260C}.Release|x86.ActiveCfg = Release|Any CPU
		{A1E32DAD-B98A-4873-BD86-2D2DE96B5873}.Debug|Any CPU.ActiveCfg = Debug|Any CPU
		{A1E32DAD-B98A-4873-BD86-2D2DE96B5873}.Debug|Any CPU.Build.0 = Debug|Any CPU
		{A1E32DAD-B98A-4873-BD86-2D2DE96B5873}.Debug|Mixed Platforms.ActiveCfg = Debug|Any CPU
		{A1E32DAD-B98A-4873-BD86-2D2DE96B5873}.Debug|Mixed Platforms.Build.0 = Debug|Any CPU
		{A1E32DAD-B98A-4873-BD86-2D2DE96B5873}.Debug|x64.ActiveCfg = Debug|Any CPU
		{A1E32DAD-B98A-4873-BD86-2D2DE96B5873}.Debug|x86.ActiveCfg = Debug|Any CPU
		{A1E32DAD-B98A-4873-BD86-2D2DE96B5873}.Release|Any CPU.ActiveCfg = Release|Any CPU
		{A1E32DAD-B98A-4873-BD86-2D2DE96B5873}.Release|Any CPU.Build.0 = Release|Any CPU
		{A1E32DAD-B98A-4873-BD86-2D2DE96B5873}.Release|Mixed Platforms.ActiveCfg = Release|Any CPU
		{A1E32DAD-B98A-4873-BD86-2D2DE96B5873}.Release|Mixed Platforms.Build.0 = Release|Any CPU
		{A1E32DAD-B98A-4873-BD86-2D2DE96B5873}.Release|x64.ActiveCfg = Release|Any CPU
		{A1E32DAD-B98A-4873-BD86-2D2DE96B5873}.Release|x86.ActiveCfg = Release|Any CPU
		{69636A87-3D91-4639-AFF4-9777E464282C}.Debug|Any CPU.ActiveCfg = Debug|Any CPU
		{69636A87-3D91-4639-AFF4-9777E464282C}.Debug|Any CPU.Build.0 = Debug|Any CPU
		{69636A87-3D91-4639-AFF4-9777E464282C}.Debug|Mixed Platforms.ActiveCfg = Debug|Any CPU
		{69636A87-3D91-4639-AFF4-9777E464282C}.Debug|Mixed Platforms.Build.0 = Debug|Any CPU
		{69636A87-3D91-4639-AFF4-9777E464282C}.Debug|x64.ActiveCfg = Debug|Any CPU
		{69636A87-3D91-4639-AFF4-9777E464282C}.Debug|x86.ActiveCfg = Debug|Any CPU
		{69636A87-3D91-4639-AFF4-9777E464282C}.Release|Any CPU.ActiveCfg = Release|Any CPU
		{69636A87-3D91-4639-AFF4-9777E464282C}.Release|Any CPU.Build.0 = Release|Any CPU
		{69636A87-3D91-4639-AFF4-9777E464282C}.Release|Mixed Platforms.ActiveCfg = Release|Any CPU
		{69636A87-3D91-4639-AFF4-9777E464282C}.Release|Mixed Platforms.Build.0 = Release|Any CPU
		{69636A87-3D91-4639-AFF4-9777E464282C}.Release|x64.ActiveCfg = Release|Any CPU
		{69636A87-3D91-4639-AFF4-9777E464282C}.Release|x86.ActiveCfg = Release|Any CPU
		{D4D0056C-3DFD-4495-938F-3EDC2024ED37}.Debug|Any CPU.ActiveCfg = Debug|Any CPU
		{D4D0056C-3DFD-4495-938F-3EDC2024ED37}.Debug|Any CPU.Build.0 = Debug|Any CPU
		{D4D0056C-3DFD-4495-938F-3EDC2024ED37}.Debug|Mixed Platforms.ActiveCfg = Debug|Any CPU
		{D4D0056C-3DFD-4495-938F-3EDC2024ED37}.Debug|Mixed Platforms.Build.0 = Debug|Any CPU
		{D4D0056C-3DFD-4495-938F-3EDC2024ED37}.Debug|x64.ActiveCfg = Debug|Any CPU
		{D4D0056C-3DFD-4495-938F-3EDC2024ED37}.Debug|x86.ActiveCfg = Debug|Any CPU
		{D4D0056C-3DFD-4495-938F-3EDC2024ED37}.Release|Any CPU.ActiveCfg = Release|Any CPU
		{D4D0056C-3DFD-4495-938F-3EDC2024ED37}.Release|Any CPU.Build.0 = Release|Any CPU
		{D4D0056C-3DFD-4495-938F-3EDC2024ED37}.Release|Mixed Platforms.ActiveCfg = Release|Any CPU
		{D4D0056C-3DFD-4495-938F-3EDC2024ED37}.Release|Mixed Platforms.Build.0 = Release|Any CPU
		{D4D0056C-3DFD-4495-938F-3EDC2024ED37}.Release|x64.ActiveCfg = Release|Any CPU
		{D4D0056C-3DFD-4495-938F-3EDC2024ED37}.Release|x86.ActiveCfg = Release|Any CPU
		{523E41C8-ED90-465D-991D-CF890769E2E8}.Debug|Any CPU.ActiveCfg = Debug|Any CPU
		{523E41C8-ED90-465D-991D-CF890769E2E8}.Debug|Any CPU.Build.0 = Debug|Any CPU
		{523E41C8-ED90-465D-991D-CF890769E2E8}.Debug|Mixed Platforms.ActiveCfg = Debug|Any CPU
		{523E41C8-ED90-465D-991D-CF890769E2E8}.Debug|Mixed Platforms.Build.0 = Debug|Any CPU
		{523E41C8-ED90-465D-991D-CF890769E2E8}.Debug|x64.ActiveCfg = Debug|Any CPU
		{523E41C8-ED90-465D-991D-CF890769E2E8}.Debug|x86.ActiveCfg = Debug|Any CPU
		{523E41C8-ED90-465D-991D-CF890769E2E8}.Release|Any CPU.ActiveCfg = Release|Any CPU
		{523E41C8-ED90-465D-991D-CF890769E2E8}.Release|Any CPU.Build.0 = Release|Any CPU
		{523E41C8-ED90-465D-991D-CF890769E2E8}.Release|Mixed Platforms.ActiveCfg = Release|Any CPU
		{523E41C8-ED90-465D-991D-CF890769E2E8}.Release|Mixed Platforms.Build.0 = Release|Any CPU
		{523E41C8-ED90-465D-991D-CF890769E2E8}.Release|x64.ActiveCfg = Release|Any CPU
		{523E41C8-ED90-465D-991D-CF890769E2E8}.Release|x86.ActiveCfg = Release|Any CPU
		{7CF554A0-D0FB-4505-AB39-4BD792CC2B70}.Debug|Any CPU.ActiveCfg = Debug|Any CPU
		{7CF554A0-D0FB-4505-AB39-4BD792CC2B70}.Debug|Any CPU.Build.0 = Debug|Any CPU
		{7CF554A0-D0FB-4505-AB39-4BD792CC2B70}.Debug|Mixed Platforms.ActiveCfg = Debug|Any CPU
		{7CF554A0-D0FB-4505-AB39-4BD792CC2B70}.Debug|Mixed Platforms.Build.0 = Debug|Any CPU
		{7CF554A0-D0FB-4505-AB39-4BD792CC2B70}.Debug|x64.ActiveCfg = Debug|Any CPU
		{7CF554A0-D0FB-4505-AB39-4BD792CC2B70}.Debug|x86.ActiveCfg = Debug|Any CPU
		{7CF554A0-D0FB-4505-AB39-4BD792CC2B70}.Release|Any CPU.ActiveCfg = Release|Any CPU
		{7CF554A0-D0FB-4505-AB39-4BD792CC2B70}.Release|Any CPU.Build.0 = Release|Any CPU
		{7CF554A0-D0FB-4505-AB39-4BD792CC2B70}.Release|Mixed Platforms.ActiveCfg = Release|Any CPU
		{7CF554A0-D0FB-4505-AB39-4BD792CC2B70}.Release|Mixed Platforms.Build.0 = Release|Any CPU
		{7CF554A0-D0FB-4505-AB39-4BD792CC2B70}.Release|x64.ActiveCfg = Release|Any CPU
		{7CF554A0-D0FB-4505-AB39-4BD792CC2B70}.Release|x86.ActiveCfg = Release|Any CPU
		{F1DF5A48-8AE5-4300-8B0F-931EBF4342FB}.Debug|Any CPU.ActiveCfg = Debug|Any CPU
		{F1DF5A48-8AE5-4300-8B0F-931EBF4342FB}.Debug|Any CPU.Build.0 = Debug|Any CPU
		{F1DF5A48-8AE5-4300-8B0F-931EBF4342FB}.Debug|Mixed Platforms.ActiveCfg = Debug|Any CPU
		{F1DF5A48-8AE5-4300-8B0F-931EBF4342FB}.Debug|Mixed Platforms.Build.0 = Debug|Any CPU
		{F1DF5A48-8AE5-4300-8B0F-931EBF4342FB}.Debug|x64.ActiveCfg = Debug|Any CPU
		{F1DF5A48-8AE5-4300-8B0F-931EBF4342FB}.Debug|x86.ActiveCfg = Debug|Any CPU
		{F1DF5A48-8AE5-4300-8B0F-931EBF4342FB}.Release|Any CPU.ActiveCfg = Release|Any CPU
		{F1DF5A48-8AE5-4300-8B0F-931EBF4342FB}.Release|Any CPU.Build.0 = Release|Any CPU
		{F1DF5A48-8AE5-4300-8B0F-931EBF4342FB}.Release|Mixed Platforms.ActiveCfg = Release|Any CPU
		{F1DF5A48-8AE5-4300-8B0F-931EBF4342FB}.Release|Mixed Platforms.Build.0 = Release|Any CPU
		{F1DF5A48-8AE5-4300-8B0F-931EBF4342FB}.Release|x64.ActiveCfg = Release|Any CPU
		{F1DF5A48-8AE5-4300-8B0F-931EBF4342FB}.Release|x86.ActiveCfg = Release|Any CPU
		{41501572-A8A7-4F39-BCDD-24269D354776}.Debug|Any CPU.ActiveCfg = Debug|Any CPU
		{41501572-A8A7-4F39-BCDD-24269D354776}.Debug|Any CPU.Build.0 = Debug|Any CPU
		{41501572-A8A7-4F39-BCDD-24269D354776}.Debug|Mixed Platforms.ActiveCfg = Debug|Any CPU
		{41501572-A8A7-4F39-BCDD-24269D354776}.Debug|Mixed Platforms.Build.0 = Debug|Any CPU
		{41501572-A8A7-4F39-BCDD-24269D354776}.Debug|x64.ActiveCfg = Debug|Any CPU
		{41501572-A8A7-4F39-BCDD-24269D354776}.Debug|x86.ActiveCfg = Debug|Any CPU
		{41501572-A8A7-4F39-BCDD-24269D354776}.Release|Any CPU.ActiveCfg = Release|Any CPU
		{41501572-A8A7-4F39-BCDD-24269D354776}.Release|Any CPU.Build.0 = Release|Any CPU
		{41501572-A8A7-4F39-BCDD-24269D354776}.Release|Mixed Platforms.ActiveCfg = Release|Any CPU
		{41501572-A8A7-4F39-BCDD-24269D354776}.Release|Mixed Platforms.Build.0 = Release|Any CPU
		{41501572-A8A7-4F39-BCDD-24269D354776}.Release|x64.ActiveCfg = Release|Any CPU
		{41501572-A8A7-4F39-BCDD-24269D354776}.Release|x86.ActiveCfg = Release|Any CPU
		{403A4569-8B33-42D3-901B-C7EE03C7FC0E}.Debug|Any CPU.ActiveCfg = Debug|Any CPU
		{403A4569-8B33-42D3-901B-C7EE03C7FC0E}.Debug|Any CPU.Build.0 = Debug|Any CPU
		{403A4569-8B33-42D3-901B-C7EE03C7FC0E}.Debug|Mixed Platforms.ActiveCfg = Debug|Any CPU
		{403A4569-8B33-42D3-901B-C7EE03C7FC0E}.Debug|Mixed Platforms.Build.0 = Debug|Any CPU
		{403A4569-8B33-42D3-901B-C7EE03C7FC0E}.Debug|x64.ActiveCfg = Debug|Any CPU
		{403A4569-8B33-42D3-901B-C7EE03C7FC0E}.Debug|x86.ActiveCfg = Debug|Any CPU
		{403A4569-8B33-42D3-901B-C7EE03C7FC0E}.Release|Any CPU.ActiveCfg = Release|Any CPU
		{403A4569-8B33-42D3-901B-C7EE03C7FC0E}.Release|Any CPU.Build.0 = Release|Any CPU
		{403A4569-8B33-42D3-901B-C7EE03C7FC0E}.Release|Mixed Platforms.ActiveCfg = Release|Any CPU
		{403A4569-8B33-42D3-901B-C7EE03C7FC0E}.Release|Mixed Platforms.Build.0 = Release|Any CPU
		{403A4569-8B33-42D3-901B-C7EE03C7FC0E}.Release|x64.ActiveCfg = Release|Any CPU
		{403A4569-8B33-42D3-901B-C7EE03C7FC0E}.Release|x86.ActiveCfg = Release|Any CPU
		{750811AF-139E-46A7-81AE-3AB34AE6BBAD}.Debug|Any CPU.ActiveCfg = Debug|Any CPU
		{750811AF-139E-46A7-81AE-3AB34AE6BBAD}.Debug|Any CPU.Build.0 = Debug|Any CPU
		{750811AF-139E-46A7-81AE-3AB34AE6BBAD}.Debug|Mixed Platforms.ActiveCfg = Debug|Any CPU
		{750811AF-139E-46A7-81AE-3AB34AE6BBAD}.Debug|Mixed Platforms.Build.0 = Debug|Any CPU
		{750811AF-139E-46A7-81AE-3AB34AE6BBAD}.Debug|x64.ActiveCfg = Debug|Any CPU
		{750811AF-139E-46A7-81AE-3AB34AE6BBAD}.Debug|x86.ActiveCfg = Debug|Any CPU
		{750811AF-139E-46A7-81AE-3AB34AE6BBAD}.Release|Any CPU.ActiveCfg = Release|Any CPU
		{750811AF-139E-46A7-81AE-3AB34AE6BBAD}.Release|Any CPU.Build.0 = Release|Any CPU
		{750811AF-139E-46A7-81AE-3AB34AE6BBAD}.Release|Mixed Platforms.ActiveCfg = Release|Any CPU
		{750811AF-139E-46A7-81AE-3AB34AE6BBAD}.Release|Mixed Platforms.Build.0 = Release|Any CPU
		{750811AF-139E-46A7-81AE-3AB34AE6BBAD}.Release|x64.ActiveCfg = Release|Any CPU
		{750811AF-139E-46A7-81AE-3AB34AE6BBAD}.Release|x86.ActiveCfg = Release|Any CPU
		{5AE55966-9A22-4A1B-AFED-720D75C9C113}.Debug|Any CPU.ActiveCfg = Debug|Any CPU
		{5AE55966-9A22-4A1B-AFED-720D75C9C113}.Debug|Any CPU.Build.0 = Debug|Any CPU
		{5AE55966-9A22-4A1B-AFED-720D75C9C113}.Debug|Mixed Platforms.ActiveCfg = Debug|Any CPU
		{5AE55966-9A22-4A1B-AFED-720D75C9C113}.Debug|Mixed Platforms.Build.0 = Debug|Any CPU
		{5AE55966-9A22-4A1B-AFED-720D75C9C113}.Debug|x64.ActiveCfg = Debug|Any CPU
		{5AE55966-9A22-4A1B-AFED-720D75C9C113}.Debug|x86.ActiveCfg = Debug|Any CPU
		{5AE55966-9A22-4A1B-AFED-720D75C9C113}.Release|Any CPU.ActiveCfg = Release|Any CPU
		{5AE55966-9A22-4A1B-AFED-720D75C9C113}.Release|Any CPU.Build.0 = Release|Any CPU
		{5AE55966-9A22-4A1B-AFED-720D75C9C113}.Release|Mixed Platforms.ActiveCfg = Release|Any CPU
		{5AE55966-9A22-4A1B-AFED-720D75C9C113}.Release|Mixed Platforms.Build.0 = Release|Any CPU
		{5AE55966-9A22-4A1B-AFED-720D75C9C113}.Release|x64.ActiveCfg = Release|Any CPU
		{5AE55966-9A22-4A1B-AFED-720D75C9C113}.Release|x86.ActiveCfg = Release|Any CPU
		{682B245B-1805-447C-ADCF-A1888D71A01F}.Debug|Any CPU.ActiveCfg = Debug|Any CPU
		{682B245B-1805-447C-ADCF-A1888D71A01F}.Debug|Any CPU.Build.0 = Debug|Any CPU
		{682B245B-1805-447C-ADCF-A1888D71A01F}.Debug|Mixed Platforms.ActiveCfg = Debug|Any CPU
		{682B245B-1805-447C-ADCF-A1888D71A01F}.Debug|Mixed Platforms.Build.0 = Debug|Any CPU
		{682B245B-1805-447C-ADCF-A1888D71A01F}.Debug|x64.ActiveCfg = Debug|Any CPU
		{682B245B-1805-447C-ADCF-A1888D71A01F}.Debug|x86.ActiveCfg = Debug|Any CPU
		{682B245B-1805-447C-ADCF-A1888D71A01F}.Release|Any CPU.ActiveCfg = Release|Any CPU
		{682B245B-1805-447C-ADCF-A1888D71A01F}.Release|Any CPU.Build.0 = Release|Any CPU
		{682B245B-1805-447C-ADCF-A1888D71A01F}.Release|Mixed Platforms.ActiveCfg = Release|Any CPU
		{682B245B-1805-447C-ADCF-A1888D71A01F}.Release|Mixed Platforms.Build.0 = Release|Any CPU
		{682B245B-1805-447C-ADCF-A1888D71A01F}.Release|x64.ActiveCfg = Release|Any CPU
		{682B245B-1805-447C-ADCF-A1888D71A01F}.Release|x86.ActiveCfg = Release|Any CPU
		{18F01186-D378-4B89-BBDE-A439FA88C9A1}.Debug|Any CPU.ActiveCfg = Debug|Any CPU
		{18F01186-D378-4B89-BBDE-A439FA88C9A1}.Debug|Any CPU.Build.0 = Debug|Any CPU
		{18F01186-D378-4B89-BBDE-A439FA88C9A1}.Debug|Mixed Platforms.ActiveCfg = Debug|Any CPU
		{18F01186-D378-4B89-BBDE-A439FA88C9A1}.Debug|Mixed Platforms.Build.0 = Debug|Any CPU
		{18F01186-D378-4B89-BBDE-A439FA88C9A1}.Debug|x64.ActiveCfg = Debug|Any CPU
		{18F01186-D378-4B89-BBDE-A439FA88C9A1}.Debug|x86.ActiveCfg = Debug|Any CPU
		{18F01186-D378-4B89-BBDE-A439FA88C9A1}.Release|Any CPU.ActiveCfg = Release|Any CPU
		{18F01186-D378-4B89-BBDE-A439FA88C9A1}.Release|Any CPU.Build.0 = Release|Any CPU
		{18F01186-D378-4B89-BBDE-A439FA88C9A1}.Release|Mixed Platforms.ActiveCfg = Release|Any CPU
		{18F01186-D378-4B89-BBDE-A439FA88C9A1}.Release|Mixed Platforms.Build.0 = Release|Any CPU
		{18F01186-D378-4B89-BBDE-A439FA88C9A1}.Release|x64.ActiveCfg = Release|Any CPU
		{18F01186-D378-4B89-BBDE-A439FA88C9A1}.Release|x86.ActiveCfg = Release|Any CPU
		{145D1D7A-6742-4025-B4F1-B9CED0C462D0}.Debug|Any CPU.ActiveCfg = Debug|Any CPU
		{145D1D7A-6742-4025-B4F1-B9CED0C462D0}.Debug|Any CPU.Build.0 = Debug|Any CPU
		{145D1D7A-6742-4025-B4F1-B9CED0C462D0}.Debug|Mixed Platforms.ActiveCfg = Debug|Any CPU
		{145D1D7A-6742-4025-B4F1-B9CED0C462D0}.Debug|Mixed Platforms.Build.0 = Debug|Any CPU
		{145D1D7A-6742-4025-B4F1-B9CED0C462D0}.Debug|x64.ActiveCfg = Debug|Any CPU
		{145D1D7A-6742-4025-B4F1-B9CED0C462D0}.Debug|x86.ActiveCfg = Debug|Any CPU
		{145D1D7A-6742-4025-B4F1-B9CED0C462D0}.Release|Any CPU.ActiveCfg = Release|Any CPU
		{145D1D7A-6742-4025-B4F1-B9CED0C462D0}.Release|Any CPU.Build.0 = Release|Any CPU
		{145D1D7A-6742-4025-B4F1-B9CED0C462D0}.Release|Mixed Platforms.ActiveCfg = Release|Any CPU
		{145D1D7A-6742-4025-B4F1-B9CED0C462D0}.Release|Mixed Platforms.Build.0 = Release|Any CPU
		{145D1D7A-6742-4025-B4F1-B9CED0C462D0}.Release|x64.ActiveCfg = Release|Any CPU
		{145D1D7A-6742-4025-B4F1-B9CED0C462D0}.Release|x86.ActiveCfg = Release|Any CPU
		{6AB1867A-132B-40B9-864D-4A814AE5422E}.Debug|Any CPU.ActiveCfg = Debug|Any CPU
		{6AB1867A-132B-40B9-864D-4A814AE5422E}.Debug|Any CPU.Build.0 = Debug|Any CPU
		{6AB1867A-132B-40B9-864D-4A814AE5422E}.Debug|Mixed Platforms.ActiveCfg = Debug|Any CPU
		{6AB1867A-132B-40B9-864D-4A814AE5422E}.Debug|Mixed Platforms.Build.0 = Debug|Any CPU
		{6AB1867A-132B-40B9-864D-4A814AE5422E}.Debug|x64.ActiveCfg = Debug|Any CPU
		{6AB1867A-132B-40B9-864D-4A814AE5422E}.Debug|x86.ActiveCfg = Debug|Any CPU
		{6AB1867A-132B-40B9-864D-4A814AE5422E}.Release|Any CPU.ActiveCfg = Release|Any CPU
		{6AB1867A-132B-40B9-864D-4A814AE5422E}.Release|Any CPU.Build.0 = Release|Any CPU
		{6AB1867A-132B-40B9-864D-4A814AE5422E}.Release|Mixed Platforms.ActiveCfg = Release|Any CPU
		{6AB1867A-132B-40B9-864D-4A814AE5422E}.Release|Mixed Platforms.Build.0 = Release|Any CPU
		{6AB1867A-132B-40B9-864D-4A814AE5422E}.Release|x64.ActiveCfg = Release|Any CPU
		{6AB1867A-132B-40B9-864D-4A814AE5422E}.Release|x86.ActiveCfg = Release|Any CPU
		{7AF56B40-7F26-487F-8CC6-DC40E55696E5}.Debug|Any CPU.ActiveCfg = Debug|Any CPU
		{7AF56B40-7F26-487F-8CC6-DC40E55696E5}.Debug|Any CPU.Build.0 = Debug|Any CPU
		{7AF56B40-7F26-487F-8CC6-DC40E55696E5}.Debug|Mixed Platforms.ActiveCfg = Debug|Any CPU
		{7AF56B40-7F26-487F-8CC6-DC40E55696E5}.Debug|Mixed Platforms.Build.0 = Debug|Any CPU
		{7AF56B40-7F26-487F-8CC6-DC40E55696E5}.Debug|x64.ActiveCfg = Debug|Any CPU
		{7AF56B40-7F26-487F-8CC6-DC40E55696E5}.Debug|x86.ActiveCfg = Debug|Any CPU
		{7AF56B40-7F26-487F-8CC6-DC40E55696E5}.Release|Any CPU.ActiveCfg = Release|Any CPU
		{7AF56B40-7F26-487F-8CC6-DC40E55696E5}.Release|Any CPU.Build.0 = Release|Any CPU
		{7AF56B40-7F26-487F-8CC6-DC40E55696E5}.Release|Mixed Platforms.ActiveCfg = Release|Any CPU
		{7AF56B40-7F26-487F-8CC6-DC40E55696E5}.Release|Mixed Platforms.Build.0 = Release|Any CPU
		{7AF56B40-7F26-487F-8CC6-DC40E55696E5}.Release|x64.ActiveCfg = Release|Any CPU
		{7AF56B40-7F26-487F-8CC6-DC40E55696E5}.Release|x86.ActiveCfg = Release|Any CPU
		{BFB5BBBB-3861-40F6-A48F-D0F5361AA795}.Debug|Any CPU.ActiveCfg = Debug|Any CPU
		{BFB5BBBB-3861-40F6-A48F-D0F5361AA795}.Debug|Any CPU.Build.0 = Debug|Any CPU
		{BFB5BBBB-3861-40F6-A48F-D0F5361AA795}.Debug|Mixed Platforms.ActiveCfg = Debug|Any CPU
		{BFB5BBBB-3861-40F6-A48F-D0F5361AA795}.Debug|Mixed Platforms.Build.0 = Debug|Any CPU
		{BFB5BBBB-3861-40F6-A48F-D0F5361AA795}.Debug|x64.ActiveCfg = Debug|Any CPU
		{BFB5BBBB-3861-40F6-A48F-D0F5361AA795}.Debug|x86.ActiveCfg = Debug|Any CPU
		{BFB5BBBB-3861-40F6-A48F-D0F5361AA795}.Release|Any CPU.ActiveCfg = Release|Any CPU
		{BFB5BBBB-3861-40F6-A48F-D0F5361AA795}.Release|Any CPU.Build.0 = Release|Any CPU
		{BFB5BBBB-3861-40F6-A48F-D0F5361AA795}.Release|Mixed Platforms.ActiveCfg = Release|Any CPU
		{BFB5BBBB-3861-40F6-A48F-D0F5361AA795}.Release|Mixed Platforms.Build.0 = Release|Any CPU
		{BFB5BBBB-3861-40F6-A48F-D0F5361AA795}.Release|x64.ActiveCfg = Release|Any CPU
		{BFB5BBBB-3861-40F6-A48F-D0F5361AA795}.Release|x86.ActiveCfg = Release|Any CPU
		{FC315568-2DF2-46D0-AA5F-6BDFFD6BB0C0}.Debug|Any CPU.ActiveCfg = Debug|Any CPU
		{FC315568-2DF2-46D0-AA5F-6BDFFD6BB0C0}.Debug|Any CPU.Build.0 = Debug|Any CPU
		{FC315568-2DF2-46D0-AA5F-6BDFFD6BB0C0}.Debug|Mixed Platforms.ActiveCfg = Debug|Any CPU
		{FC315568-2DF2-46D0-AA5F-6BDFFD6BB0C0}.Debug|Mixed Platforms.Build.0 = Debug|Any CPU
		{FC315568-2DF2-46D0-AA5F-6BDFFD6BB0C0}.Debug|x64.ActiveCfg = Debug|Any CPU
		{FC315568-2DF2-46D0-AA5F-6BDFFD6BB0C0}.Debug|x86.ActiveCfg = Debug|Any CPU
		{FC315568-2DF2-46D0-AA5F-6BDFFD6BB0C0}.Release|Any CPU.ActiveCfg = Release|Any CPU
		{FC315568-2DF2-46D0-AA5F-6BDFFD6BB0C0}.Release|Any CPU.Build.0 = Release|Any CPU
		{FC315568-2DF2-46D0-AA5F-6BDFFD6BB0C0}.Release|Mixed Platforms.ActiveCfg = Release|Any CPU
		{FC315568-2DF2-46D0-AA5F-6BDFFD6BB0C0}.Release|Mixed Platforms.Build.0 = Release|Any CPU
		{FC315568-2DF2-46D0-AA5F-6BDFFD6BB0C0}.Release|x64.ActiveCfg = Release|Any CPU
		{FC315568-2DF2-46D0-AA5F-6BDFFD6BB0C0}.Release|x86.ActiveCfg = Release|Any CPU
		{9E17261D-C315-4FE3-8951-62540DF195AB}.Debug|Any CPU.ActiveCfg = Debug|Any CPU
		{9E17261D-C315-4FE3-8951-62540DF195AB}.Debug|Any CPU.Build.0 = Debug|Any CPU
		{9E17261D-C315-4FE3-8951-62540DF195AB}.Debug|Mixed Platforms.ActiveCfg = Debug|Any CPU
		{9E17261D-C315-4FE3-8951-62540DF195AB}.Debug|Mixed Platforms.Build.0 = Debug|Any CPU
		{9E17261D-C315-4FE3-8951-62540DF195AB}.Debug|x64.ActiveCfg = Debug|Any CPU
		{9E17261D-C315-4FE3-8951-62540DF195AB}.Debug|x86.ActiveCfg = Debug|Any CPU
		{9E17261D-C315-4FE3-8951-62540DF195AB}.Release|Any CPU.ActiveCfg = Release|Any CPU
		{9E17261D-C315-4FE3-8951-62540DF195AB}.Release|Any CPU.Build.0 = Release|Any CPU
		{9E17261D-C315-4FE3-8951-62540DF195AB}.Release|Mixed Platforms.ActiveCfg = Release|Any CPU
		{9E17261D-C315-4FE3-8951-62540DF195AB}.Release|Mixed Platforms.Build.0 = Release|Any CPU
		{9E17261D-C315-4FE3-8951-62540DF195AB}.Release|x64.ActiveCfg = Release|Any CPU
		{9E17261D-C315-4FE3-8951-62540DF195AB}.Release|x86.ActiveCfg = Release|Any CPU
		{683D365E-2C5B-426D-94F3-A395D18481D8}.Debug|Any CPU.ActiveCfg = Debug|Any CPU
		{683D365E-2C5B-426D-94F3-A395D18481D8}.Debug|Any CPU.Build.0 = Debug|Any CPU
		{683D365E-2C5B-426D-94F3-A395D18481D8}.Debug|Mixed Platforms.ActiveCfg = Debug|Any CPU
		{683D365E-2C5B-426D-94F3-A395D18481D8}.Debug|Mixed Platforms.Build.0 = Debug|Any CPU
		{683D365E-2C5B-426D-94F3-A395D18481D8}.Debug|x64.ActiveCfg = Debug|Any CPU
		{683D365E-2C5B-426D-94F3-A395D18481D8}.Debug|x86.ActiveCfg = Debug|Any CPU
		{683D365E-2C5B-426D-94F3-A395D18481D8}.Release|Any CPU.ActiveCfg = Release|Any CPU
		{683D365E-2C5B-426D-94F3-A395D18481D8}.Release|Any CPU.Build.0 = Release|Any CPU
		{683D365E-2C5B-426D-94F3-A395D18481D8}.Release|Mixed Platforms.ActiveCfg = Release|Any CPU
		{683D365E-2C5B-426D-94F3-A395D18481D8}.Release|Mixed Platforms.Build.0 = Release|Any CPU
		{683D365E-2C5B-426D-94F3-A395D18481D8}.Release|x64.ActiveCfg = Release|Any CPU
		{683D365E-2C5B-426D-94F3-A395D18481D8}.Release|x86.ActiveCfg = Release|Any CPU
		{AA4E426F-8911-44CB-82DA-604EEB6A6E13}.Debug|Any CPU.ActiveCfg = Debug|Any CPU
		{AA4E426F-8911-44CB-82DA-604EEB6A6E13}.Debug|Any CPU.Build.0 = Debug|Any CPU
		{AA4E426F-8911-44CB-82DA-604EEB6A6E13}.Debug|Mixed Platforms.ActiveCfg = Debug|Any CPU
		{AA4E426F-8911-44CB-82DA-604EEB6A6E13}.Debug|Mixed Platforms.Build.0 = Debug|Any CPU
		{AA4E426F-8911-44CB-82DA-604EEB6A6E13}.Debug|x64.ActiveCfg = Debug|Any CPU
		{AA4E426F-8911-44CB-82DA-604EEB6A6E13}.Debug|x86.ActiveCfg = Debug|Any CPU
		{AA4E426F-8911-44CB-82DA-604EEB6A6E13}.Release|Any CPU.ActiveCfg = Release|Any CPU
		{AA4E426F-8911-44CB-82DA-604EEB6A6E13}.Release|Any CPU.Build.0 = Release|Any CPU
		{AA4E426F-8911-44CB-82DA-604EEB6A6E13}.Release|Mixed Platforms.ActiveCfg = Release|Any CPU
		{AA4E426F-8911-44CB-82DA-604EEB6A6E13}.Release|Mixed Platforms.Build.0 = Release|Any CPU
		{AA4E426F-8911-44CB-82DA-604EEB6A6E13}.Release|x64.ActiveCfg = Release|Any CPU
		{AA4E426F-8911-44CB-82DA-604EEB6A6E13}.Release|x86.ActiveCfg = Release|Any CPU
		{279BA676-04C3-4D9A-A003-577D98AA9582}.Debug|Any CPU.ActiveCfg = Debug|Any CPU
		{279BA676-04C3-4D9A-A003-577D98AA9582}.Debug|Any CPU.Build.0 = Debug|Any CPU
		{279BA676-04C3-4D9A-A003-577D98AA9582}.Debug|Mixed Platforms.ActiveCfg = Debug|Any CPU
		{279BA676-04C3-4D9A-A003-577D98AA9582}.Debug|Mixed Platforms.Build.0 = Debug|Any CPU
		{279BA676-04C3-4D9A-A003-577D98AA9582}.Debug|x64.ActiveCfg = Debug|Any CPU
		{279BA676-04C3-4D9A-A003-577D98AA9582}.Debug|x86.ActiveCfg = Debug|Any CPU
		{279BA676-04C3-4D9A-A003-577D98AA9582}.Release|Any CPU.ActiveCfg = Release|Any CPU
		{279BA676-04C3-4D9A-A003-577D98AA9582}.Release|Any CPU.Build.0 = Release|Any CPU
		{279BA676-04C3-4D9A-A003-577D98AA9582}.Release|Mixed Platforms.ActiveCfg = Release|Any CPU
		{279BA676-04C3-4D9A-A003-577D98AA9582}.Release|Mixed Platforms.Build.0 = Release|Any CPU
		{279BA676-04C3-4D9A-A003-577D98AA9582}.Release|x64.ActiveCfg = Release|Any CPU
		{279BA676-04C3-4D9A-A003-577D98AA9582}.Release|x86.ActiveCfg = Release|Any CPU
		{8C77E177-C0A2-43BB-A683-80D753180D68}.Debug|Any CPU.ActiveCfg = Debug|Any CPU
		{8C77E177-C0A2-43BB-A683-80D753180D68}.Debug|Any CPU.Build.0 = Debug|Any CPU
		{8C77E177-C0A2-43BB-A683-80D753180D68}.Debug|Mixed Platforms.ActiveCfg = Debug|Any CPU
		{8C77E177-C0A2-43BB-A683-80D753180D68}.Debug|Mixed Platforms.Build.0 = Debug|Any CPU
		{8C77E177-C0A2-43BB-A683-80D753180D68}.Debug|x64.ActiveCfg = Debug|Any CPU
		{8C77E177-C0A2-43BB-A683-80D753180D68}.Debug|x86.ActiveCfg = Debug|Any CPU
		{8C77E177-C0A2-43BB-A683-80D753180D68}.Release|Any CPU.ActiveCfg = Release|Any CPU
		{8C77E177-C0A2-43BB-A683-80D753180D68}.Release|Any CPU.Build.0 = Release|Any CPU
		{8C77E177-C0A2-43BB-A683-80D753180D68}.Release|Mixed Platforms.ActiveCfg = Release|Any CPU
		{8C77E177-C0A2-43BB-A683-80D753180D68}.Release|Mixed Platforms.Build.0 = Release|Any CPU
		{8C77E177-C0A2-43BB-A683-80D753180D68}.Release|x64.ActiveCfg = Release|Any CPU
		{8C77E177-C0A2-43BB-A683-80D753180D68}.Release|x86.ActiveCfg = Release|Any CPU
		{97E7FB47-BF1E-48C8-9069-C37F6FDE0099}.Debug|Any CPU.ActiveCfg = Debug|Any CPU
		{97E7FB47-BF1E-48C8-9069-C37F6FDE0099}.Debug|Any CPU.Build.0 = Debug|Any CPU
		{97E7FB47-BF1E-48C8-9069-C37F6FDE0099}.Debug|Mixed Platforms.ActiveCfg = Debug|Any CPU
		{97E7FB47-BF1E-48C8-9069-C37F6FDE0099}.Debug|Mixed Platforms.Build.0 = Debug|Any CPU
		{97E7FB47-BF1E-48C8-9069-C37F6FDE0099}.Debug|x64.ActiveCfg = Debug|Any CPU
		{97E7FB47-BF1E-48C8-9069-C37F6FDE0099}.Debug|x86.ActiveCfg = Debug|Any CPU
		{97E7FB47-BF1E-48C8-9069-C37F6FDE0099}.Release|Any CPU.ActiveCfg = Release|Any CPU
		{97E7FB47-BF1E-48C8-9069-C37F6FDE0099}.Release|Any CPU.Build.0 = Release|Any CPU
		{97E7FB47-BF1E-48C8-9069-C37F6FDE0099}.Release|Mixed Platforms.ActiveCfg = Release|Any CPU
		{97E7FB47-BF1E-48C8-9069-C37F6FDE0099}.Release|Mixed Platforms.Build.0 = Release|Any CPU
		{97E7FB47-BF1E-48C8-9069-C37F6FDE0099}.Release|x64.ActiveCfg = Release|Any CPU
		{97E7FB47-BF1E-48C8-9069-C37F6FDE0099}.Release|x86.ActiveCfg = Release|Any CPU
		{43B73FB7-C565-4D49-8638-982CBAE09838}.Debug|Any CPU.ActiveCfg = Debug|Any CPU
		{43B73FB7-C565-4D49-8638-982CBAE09838}.Debug|Any CPU.Build.0 = Debug|Any CPU
		{43B73FB7-C565-4D49-8638-982CBAE09838}.Debug|Mixed Platforms.ActiveCfg = Debug|Any CPU
		{43B73FB7-C565-4D49-8638-982CBAE09838}.Debug|Mixed Platforms.Build.0 = Debug|Any CPU
		{43B73FB7-C565-4D49-8638-982CBAE09838}.Debug|x64.ActiveCfg = Debug|Any CPU
		{43B73FB7-C565-4D49-8638-982CBAE09838}.Debug|x86.ActiveCfg = Debug|Any CPU
		{43B73FB7-C565-4D49-8638-982CBAE09838}.Release|Any CPU.ActiveCfg = Release|Any CPU
		{43B73FB7-C565-4D49-8638-982CBAE09838}.Release|Any CPU.Build.0 = Release|Any CPU
		{43B73FB7-C565-4D49-8638-982CBAE09838}.Release|Mixed Platforms.ActiveCfg = Release|Any CPU
		{43B73FB7-C565-4D49-8638-982CBAE09838}.Release|Mixed Platforms.Build.0 = Release|Any CPU
		{43B73FB7-C565-4D49-8638-982CBAE09838}.Release|x64.ActiveCfg = Release|Any CPU
		{43B73FB7-C565-4D49-8638-982CBAE09838}.Release|x86.ActiveCfg = Release|Any CPU
		{6AA1B634-771E-459B-AAD3-7E64CD4F0C3F}.Debug|Any CPU.ActiveCfg = Debug|Any CPU
		{6AA1B634-771E-459B-AAD3-7E64CD4F0C3F}.Debug|Any CPU.Build.0 = Debug|Any CPU
		{6AA1B634-771E-459B-AAD3-7E64CD4F0C3F}.Debug|Mixed Platforms.ActiveCfg = Debug|Any CPU
		{6AA1B634-771E-459B-AAD3-7E64CD4F0C3F}.Debug|Mixed Platforms.Build.0 = Debug|Any CPU
		{6AA1B634-771E-459B-AAD3-7E64CD4F0C3F}.Debug|x64.ActiveCfg = Debug|Any CPU
		{6AA1B634-771E-459B-AAD3-7E64CD4F0C3F}.Debug|x86.ActiveCfg = Debug|Any CPU
		{6AA1B634-771E-459B-AAD3-7E64CD4F0C3F}.Release|Any CPU.ActiveCfg = Release|Any CPU
		{6AA1B634-771E-459B-AAD3-7E64CD4F0C3F}.Release|Any CPU.Build.0 = Release|Any CPU
		{6AA1B634-771E-459B-AAD3-7E64CD4F0C3F}.Release|Mixed Platforms.ActiveCfg = Release|Any CPU
		{6AA1B634-771E-459B-AAD3-7E64CD4F0C3F}.Release|Mixed Platforms.Build.0 = Release|Any CPU
		{6AA1B634-771E-459B-AAD3-7E64CD4F0C3F}.Release|x64.ActiveCfg = Release|Any CPU
		{6AA1B634-771E-459B-AAD3-7E64CD4F0C3F}.Release|x86.ActiveCfg = Release|Any CPU
		{12C56D1B-69A6-4240-889A-620078393196}.Debug|Any CPU.ActiveCfg = Debug|Any CPU
		{12C56D1B-69A6-4240-889A-620078393196}.Debug|Any CPU.Build.0 = Debug|Any CPU
		{12C56D1B-69A6-4240-889A-620078393196}.Debug|Mixed Platforms.ActiveCfg = Debug|Any CPU
		{12C56D1B-69A6-4240-889A-620078393196}.Debug|Mixed Platforms.Build.0 = Debug|Any CPU
		{12C56D1B-69A6-4240-889A-620078393196}.Debug|x64.ActiveCfg = Debug|Any CPU
		{12C56D1B-69A6-4240-889A-620078393196}.Debug|x86.ActiveCfg = Debug|Any CPU
		{12C56D1B-69A6-4240-889A-620078393196}.Release|Any CPU.ActiveCfg = Release|Any CPU
		{12C56D1B-69A6-4240-889A-620078393196}.Release|Any CPU.Build.0 = Release|Any CPU
		{12C56D1B-69A6-4240-889A-620078393196}.Release|Mixed Platforms.ActiveCfg = Release|Any CPU
		{12C56D1B-69A6-4240-889A-620078393196}.Release|Mixed Platforms.Build.0 = Release|Any CPU
		{12C56D1B-69A6-4240-889A-620078393196}.Release|x64.ActiveCfg = Release|Any CPU
		{12C56D1B-69A6-4240-889A-620078393196}.Release|x86.ActiveCfg = Release|Any CPU
		{D6E9A715-DA44-4EBA-AE71-790016CCB0EC}.Debug|Any CPU.ActiveCfg = Debug|Any CPU
		{D6E9A715-DA44-4EBA-AE71-790016CCB0EC}.Debug|Any CPU.Build.0 = Debug|Any CPU
		{D6E9A715-DA44-4EBA-AE71-790016CCB0EC}.Debug|Mixed Platforms.ActiveCfg = Debug|Any CPU
		{D6E9A715-DA44-4EBA-AE71-790016CCB0EC}.Debug|Mixed Platforms.Build.0 = Debug|Any CPU
		{D6E9A715-DA44-4EBA-AE71-790016CCB0EC}.Debug|x64.ActiveCfg = Debug|Any CPU
		{D6E9A715-DA44-4EBA-AE71-790016CCB0EC}.Debug|x86.ActiveCfg = Debug|Any CPU
		{D6E9A715-DA44-4EBA-AE71-790016CCB0EC}.Release|Any CPU.ActiveCfg = Release|Any CPU
		{D6E9A715-DA44-4EBA-AE71-790016CCB0EC}.Release|Any CPU.Build.0 = Release|Any CPU
		{D6E9A715-DA44-4EBA-AE71-790016CCB0EC}.Release|Mixed Platforms.ActiveCfg = Release|Any CPU
		{D6E9A715-DA44-4EBA-AE71-790016CCB0EC}.Release|Mixed Platforms.Build.0 = Release|Any CPU
		{D6E9A715-DA44-4EBA-AE71-790016CCB0EC}.Release|x64.ActiveCfg = Release|Any CPU
		{D6E9A715-DA44-4EBA-AE71-790016CCB0EC}.Release|x86.ActiveCfg = Release|Any CPU
		{2CC64DFF-6EB0-4E1B-B555-9DA8E04C263A}.Debug|Any CPU.ActiveCfg = Debug|Any CPU
		{2CC64DFF-6EB0-4E1B-B555-9DA8E04C263A}.Debug|Any CPU.Build.0 = Debug|Any CPU
		{2CC64DFF-6EB0-4E1B-B555-9DA8E04C263A}.Debug|Mixed Platforms.ActiveCfg = Debug|Any CPU
		{2CC64DFF-6EB0-4E1B-B555-9DA8E04C263A}.Debug|Mixed Platforms.Build.0 = Debug|Any CPU
		{2CC64DFF-6EB0-4E1B-B555-9DA8E04C263A}.Debug|x64.ActiveCfg = Debug|Any CPU
		{2CC64DFF-6EB0-4E1B-B555-9DA8E04C263A}.Debug|x86.ActiveCfg = Debug|Any CPU
		{2CC64DFF-6EB0-4E1B-B555-9DA8E04C263A}.Release|Any CPU.ActiveCfg = Release|Any CPU
		{2CC64DFF-6EB0-4E1B-B555-9DA8E04C263A}.Release|Any CPU.Build.0 = Release|Any CPU
		{2CC64DFF-6EB0-4E1B-B555-9DA8E04C263A}.Release|Mixed Platforms.ActiveCfg = Release|Any CPU
		{2CC64DFF-6EB0-4E1B-B555-9DA8E04C263A}.Release|Mixed Platforms.Build.0 = Release|Any CPU
		{2CC64DFF-6EB0-4E1B-B555-9DA8E04C263A}.Release|x64.ActiveCfg = Release|Any CPU
		{2CC64DFF-6EB0-4E1B-B555-9DA8E04C263A}.Release|x86.ActiveCfg = Release|Any CPU
		{8751E7BB-3B52-49F5-8107-20E51B9289F2}.Debug|Any CPU.ActiveCfg = Debug|Any CPU
		{8751E7BB-3B52-49F5-8107-20E51B9289F2}.Debug|Any CPU.Build.0 = Debug|Any CPU
		{8751E7BB-3B52-49F5-8107-20E51B9289F2}.Debug|Mixed Platforms.ActiveCfg = Debug|Any CPU
		{8751E7BB-3B52-49F5-8107-20E51B9289F2}.Debug|Mixed Platforms.Build.0 = Debug|Any CPU
		{8751E7BB-3B52-49F5-8107-20E51B9289F2}.Debug|x64.ActiveCfg = Debug|Any CPU
		{8751E7BB-3B52-49F5-8107-20E51B9289F2}.Debug|x86.ActiveCfg = Debug|Any CPU
		{8751E7BB-3B52-49F5-8107-20E51B9289F2}.Release|Any CPU.ActiveCfg = Release|Any CPU
		{8751E7BB-3B52-49F5-8107-20E51B9289F2}.Release|Any CPU.Build.0 = Release|Any CPU
		{8751E7BB-3B52-49F5-8107-20E51B9289F2}.Release|Mixed Platforms.ActiveCfg = Release|Any CPU
		{8751E7BB-3B52-49F5-8107-20E51B9289F2}.Release|Mixed Platforms.Build.0 = Release|Any CPU
		{8751E7BB-3B52-49F5-8107-20E51B9289F2}.Release|x64.ActiveCfg = Release|Any CPU
		{8751E7BB-3B52-49F5-8107-20E51B9289F2}.Release|x86.ActiveCfg = Release|Any CPU
		{3A0E7FD1-DE06-418E-A9F2-1F6B4C1B0F10}.Debug|Any CPU.ActiveCfg = Debug|Any CPU
		{3A0E7FD1-DE06-418E-A9F2-1F6B4C1B0F10}.Debug|Any CPU.Build.0 = Debug|Any CPU
		{3A0E7FD1-DE06-418E-A9F2-1F6B4C1B0F10}.Debug|Mixed Platforms.ActiveCfg = Debug|Any CPU
		{3A0E7FD1-DE06-418E-A9F2-1F6B4C1B0F10}.Debug|Mixed Platforms.Build.0 = Debug|Any CPU
		{3A0E7FD1-DE06-418E-A9F2-1F6B4C1B0F10}.Debug|x64.ActiveCfg = Debug|Any CPU
		{3A0E7FD1-DE06-418E-A9F2-1F6B4C1B0F10}.Debug|x86.ActiveCfg = Debug|Any CPU
		{3A0E7FD1-DE06-418E-A9F2-1F6B4C1B0F10}.Release|Any CPU.ActiveCfg = Release|Any CPU
		{3A0E7FD1-DE06-418E-A9F2-1F6B4C1B0F10}.Release|Any CPU.Build.0 = Release|Any CPU
		{3A0E7FD1-DE06-418E-A9F2-1F6B4C1B0F10}.Release|Mixed Platforms.ActiveCfg = Release|Any CPU
		{3A0E7FD1-DE06-418E-A9F2-1F6B4C1B0F10}.Release|Mixed Platforms.Build.0 = Release|Any CPU
		{3A0E7FD1-DE06-418E-A9F2-1F6B4C1B0F10}.Release|x64.ActiveCfg = Release|Any CPU
		{3A0E7FD1-DE06-418E-A9F2-1F6B4C1B0F10}.Release|x86.ActiveCfg = Release|Any CPU
		{79BDB123-D4AB-4FC3-8F52-8D80E94C414D}.Debug|Any CPU.ActiveCfg = Debug|Any CPU
		{79BDB123-D4AB-4FC3-8F52-8D80E94C414D}.Debug|Any CPU.Build.0 = Debug|Any CPU
		{79BDB123-D4AB-4FC3-8F52-8D80E94C414D}.Debug|Mixed Platforms.ActiveCfg = Debug|Any CPU
		{79BDB123-D4AB-4FC3-8F52-8D80E94C414D}.Debug|Mixed Platforms.Build.0 = Debug|Any CPU
		{79BDB123-D4AB-4FC3-8F52-8D80E94C414D}.Debug|x64.ActiveCfg = Debug|Any CPU
		{79BDB123-D4AB-4FC3-8F52-8D80E94C414D}.Debug|x86.ActiveCfg = Debug|Any CPU
		{79BDB123-D4AB-4FC3-8F52-8D80E94C414D}.Release|Any CPU.ActiveCfg = Release|Any CPU
		{79BDB123-D4AB-4FC3-8F52-8D80E94C414D}.Release|Any CPU.Build.0 = Release|Any CPU
		{79BDB123-D4AB-4FC3-8F52-8D80E94C414D}.Release|Mixed Platforms.ActiveCfg = Release|Any CPU
		{79BDB123-D4AB-4FC3-8F52-8D80E94C414D}.Release|Mixed Platforms.Build.0 = Release|Any CPU
		{79BDB123-D4AB-4FC3-8F52-8D80E94C414D}.Release|x64.ActiveCfg = Release|Any CPU
		{79BDB123-D4AB-4FC3-8F52-8D80E94C414D}.Release|x86.ActiveCfg = Release|Any CPU
		{3B96FA10-4B00-4931-83AF-67B4B85EFC9A}.Debug|Any CPU.ActiveCfg = Debug|Any CPU
		{3B96FA10-4B00-4931-83AF-67B4B85EFC9A}.Debug|Any CPU.Build.0 = Debug|Any CPU
		{3B96FA10-4B00-4931-83AF-67B4B85EFC9A}.Debug|Mixed Platforms.ActiveCfg = Debug|Any CPU
		{3B96FA10-4B00-4931-83AF-67B4B85EFC9A}.Debug|Mixed Platforms.Build.0 = Debug|Any CPU
		{3B96FA10-4B00-4931-83AF-67B4B85EFC9A}.Debug|x64.ActiveCfg = Debug|Any CPU
		{3B96FA10-4B00-4931-83AF-67B4B85EFC9A}.Debug|x86.ActiveCfg = Debug|Any CPU
		{3B96FA10-4B00-4931-83AF-67B4B85EFC9A}.Release|Any CPU.ActiveCfg = Release|Any CPU
		{3B96FA10-4B00-4931-83AF-67B4B85EFC9A}.Release|Any CPU.Build.0 = Release|Any CPU
		{3B96FA10-4B00-4931-83AF-67B4B85EFC9A}.Release|Mixed Platforms.ActiveCfg = Release|Any CPU
		{3B96FA10-4B00-4931-83AF-67B4B85EFC9A}.Release|Mixed Platforms.Build.0 = Release|Any CPU
		{3B96FA10-4B00-4931-83AF-67B4B85EFC9A}.Release|x64.ActiveCfg = Release|Any CPU
		{3B96FA10-4B00-4931-83AF-67B4B85EFC9A}.Release|x86.ActiveCfg = Release|Any CPU
		{4252537D-9759-4187-8369-281E8B486D2B}.Debug|Any CPU.ActiveCfg = Debug|Any CPU
		{4252537D-9759-4187-8369-281E8B486D2B}.Debug|Any CPU.Build.0 = Debug|Any CPU
		{4252537D-9759-4187-8369-281E8B486D2B}.Debug|Mixed Platforms.ActiveCfg = Debug|Any CPU
		{4252537D-9759-4187-8369-281E8B486D2B}.Debug|Mixed Platforms.Build.0 = Debug|Any CPU
		{4252537D-9759-4187-8369-281E8B486D2B}.Debug|x64.ActiveCfg = Debug|Any CPU
		{4252537D-9759-4187-8369-281E8B486D2B}.Debug|x86.ActiveCfg = Debug|Any CPU
		{4252537D-9759-4187-8369-281E8B486D2B}.Release|Any CPU.ActiveCfg = Release|Any CPU
		{4252537D-9759-4187-8369-281E8B486D2B}.Release|Any CPU.Build.0 = Release|Any CPU
		{4252537D-9759-4187-8369-281E8B486D2B}.Release|Mixed Platforms.ActiveCfg = Release|Any CPU
		{4252537D-9759-4187-8369-281E8B486D2B}.Release|Mixed Platforms.Build.0 = Release|Any CPU
		{4252537D-9759-4187-8369-281E8B486D2B}.Release|x64.ActiveCfg = Release|Any CPU
		{4252537D-9759-4187-8369-281E8B486D2B}.Release|x86.ActiveCfg = Release|Any CPU
		{D02C6BCE-B9EB-4D39-8079-EC58EFF987A4}.Debug|Any CPU.ActiveCfg = Debug|Any CPU
		{D02C6BCE-B9EB-4D39-8079-EC58EFF987A4}.Debug|Any CPU.Build.0 = Debug|Any CPU
		{D02C6BCE-B9EB-4D39-8079-EC58EFF987A4}.Debug|Mixed Platforms.ActiveCfg = Debug|Any CPU
		{D02C6BCE-B9EB-4D39-8079-EC58EFF987A4}.Debug|Mixed Platforms.Build.0 = Debug|Any CPU
		{D02C6BCE-B9EB-4D39-8079-EC58EFF987A4}.Debug|x64.ActiveCfg = Debug|Any CPU
		{D02C6BCE-B9EB-4D39-8079-EC58EFF987A4}.Debug|x86.ActiveCfg = Debug|Any CPU
		{D02C6BCE-B9EB-4D39-8079-EC58EFF987A4}.Release|Any CPU.ActiveCfg = Release|Any CPU
		{D02C6BCE-B9EB-4D39-8079-EC58EFF987A4}.Release|Any CPU.Build.0 = Release|Any CPU
		{D02C6BCE-B9EB-4D39-8079-EC58EFF987A4}.Release|Mixed Platforms.ActiveCfg = Release|Any CPU
		{D02C6BCE-B9EB-4D39-8079-EC58EFF987A4}.Release|Mixed Platforms.Build.0 = Release|Any CPU
		{D02C6BCE-B9EB-4D39-8079-EC58EFF987A4}.Release|x64.ActiveCfg = Release|Any CPU
		{D02C6BCE-B9EB-4D39-8079-EC58EFF987A4}.Release|x86.ActiveCfg = Release|Any CPU
		{3A69BC5C-EADD-4CC0-86F8-203428C0711A}.Debug|Any CPU.ActiveCfg = Debug|Any CPU
		{3A69BC5C-EADD-4CC0-86F8-203428C0711A}.Debug|Any CPU.Build.0 = Debug|Any CPU
		{3A69BC5C-EADD-4CC0-86F8-203428C0711A}.Debug|Mixed Platforms.ActiveCfg = Debug|Any CPU
		{3A69BC5C-EADD-4CC0-86F8-203428C0711A}.Debug|Mixed Platforms.Build.0 = Debug|Any CPU
		{3A69BC5C-EADD-4CC0-86F8-203428C0711A}.Debug|x64.ActiveCfg = Debug|Any CPU
		{3A69BC5C-EADD-4CC0-86F8-203428C0711A}.Debug|x86.ActiveCfg = Debug|Any CPU
		{3A69BC5C-EADD-4CC0-86F8-203428C0711A}.Release|Any CPU.ActiveCfg = Release|Any CPU
		{3A69BC5C-EADD-4CC0-86F8-203428C0711A}.Release|Any CPU.Build.0 = Release|Any CPU
		{3A69BC5C-EADD-4CC0-86F8-203428C0711A}.Release|Mixed Platforms.ActiveCfg = Release|Any CPU
		{3A69BC5C-EADD-4CC0-86F8-203428C0711A}.Release|Mixed Platforms.Build.0 = Release|Any CPU
		{3A69BC5C-EADD-4CC0-86F8-203428C0711A}.Release|x64.ActiveCfg = Release|Any CPU
		{3A69BC5C-EADD-4CC0-86F8-203428C0711A}.Release|x86.ActiveCfg = Release|Any CPU
	EndGlobalSection
	GlobalSection(SolutionProperties) = preSolution
		HideSolutionNode = FALSE
	EndGlobalSection
EndGlobal
