
Microsoft Visual Studio Solution File, Format Version 10.00
# Visual Studio 2008
Project("{FAE04EC0-301F-11D3-BF4B-00C04F79EFBC}") = "NetRecorder", "NetRecorder\NetRecorder.csproj", "{148555FE-2CF5-4CC5-860B-D4009C77DC06}"
EndProject
Global
	GlobalSection(SolutionConfigurationPlatforms) = preSolution
		Debug|Any CPU = Debug|Any CPU
		Release|Any CPU = Release|Any CPU
	EndGlobalSection
	GlobalSection(ProjectConfigurationPlatforms) = postSolution
		{148555FE-2CF5-4CC5-860B-D4009C77DC06}.Debug|Any CPU.ActiveCfg = Debug|Any CPU
		{148555FE-2CF5-4CC5-860B-D4009C77DC06}.Debug|Any CPU.Build.0 = Debug|Any CPU
		{148555FE-2CF5-4CC5-860B-D4009C77DC06}.Release|Any CPU.ActiveCfg = Release|Any CPU
		{148555FE-2CF5-4CC5-860B-D4009C77DC06}.Release|Any CPU.Build.0 = Release|Any CPU
	EndGlobalSection
	GlobalSection(SolutionProperties) = preSolution
		HideSolutionNode = FALSE
	EndGlobalSection
EndGlobal
