
Microsoft Visual Studio Solution File, Format Version 10.00
# Visual Studio 2008
Project("{FAE04EC0-301F-11D3-BF4B-00C04F79EFBC}") = "SonicWallSyslogV5Recorder", "SonicWallSyslogV5Recorder\SonicWallSyslogV5Recorder.csproj", "{46DC369C-C283-449E-8D43-DB8E5851B0F9}"
EndProject
Global
	GlobalSection(SolutionConfigurationPlatforms) = preSolution
		Debug|Any CPU = Debug|Any CPU
		Release|Any CPU = Release|Any CPU
	EndGlobalSection
	GlobalSection(ProjectConfigurationPlatforms) = postSolution
		{46DC369C-C283-449E-8D43-DB8E5851B0F9}.Debug|Any CPU.ActiveCfg = Debug|Any CPU
		{46DC369C-C283-449E-8D43-DB8E5851B0F9}.Debug|Any CPU.Build.0 = Debug|Any CPU
		{46DC369C-C283-449E-8D43-DB8E5851B0F9}.Release|Any CPU.ActiveCfg = Release|Any CPU
		{46DC369C-C283-449E-8D43-DB8E5851B0F9}.Release|Any CPU.Build.0 = Release|Any CPU
	EndGlobalSection
	GlobalSection(SolutionProperties) = preSolution
		HideSolutionNode = FALSE
	EndGlobalSection
EndGlobal
