
Microsoft Visual Studio Solution File, Format Version 11.00
# Visual Studio 2010
Project("{FAE04EC0-301F-11D3-BF4B-00C04F79EFBC}") = "IBekciFWV_1_0_1Recorder", "IBekciFWV_1_0_1Recorder\IBekciFWV_1_0_1Recorder.csproj", "{C0B385B2-8342-434D-83F6-AB326788F0D3}"
EndProject
Global
	GlobalSection(SolutionConfigurationPlatforms) = preSolution
		Debug|Any CPU = Debug|Any CPU
		Release|Any CPU = Release|Any CPU
	EndGlobalSection
	GlobalSection(ProjectConfigurationPlatforms) = postSolution
		{C0B385B2-8342-434D-83F6-AB326788F0D3}.Debug|Any CPU.ActiveCfg = Debug|Any CPU
		{C0B385B2-8342-434D-83F6-AB326788F0D3}.Debug|Any CPU.Build.0 = Debug|Any CPU
		{C0B385B2-8342-434D-83F6-AB326788F0D3}.Release|Any CPU.ActiveCfg = Release|Any CPU
		{C0B385B2-8342-434D-83F6-AB326788F0D3}.Release|Any CPU.Build.0 = Release|Any CPU
	EndGlobalSection
	GlobalSection(SolutionProperties) = preSolution
		HideSolutionNode = FALSE
	EndGlobalSection
EndGlobal
