
Microsoft Visual Studio Solution File, Format Version 11.00
# Visual Studio 2010
Project("{FAE04EC0-301F-11D3-BF4B-00C04F79EFBC}") = "SquidSyslogV_1_0_1Recorder", "SquidSyslogV_1_0_1Recorder\SquidSyslogV_1_0_1Recorder.csproj", "{951BEE40-D228-4AFD-A93A-48374673C04A}"
EndProject
Global
	GlobalSection(SolutionConfigurationPlatforms) = preSolution
		Debug|Any CPU = Debug|Any CPU
		Release|Any CPU = Release|Any CPU
	EndGlobalSection
	GlobalSection(ProjectConfigurationPlatforms) = postSolution
		{951BEE40-D228-4AFD-A93A-48374673C04A}.Debug|Any CPU.ActiveCfg = Debug|Any CPU
		{951BEE40-D228-4AFD-A93A-48374673C04A}.Debug|Any CPU.Build.0 = Debug|Any CPU
		{951BEE40-D228-4AFD-A93A-48374673C04A}.Release|Any CPU.ActiveCfg = Release|Any CPU
		{951BEE40-D228-4AFD-A93A-48374673C04A}.Release|Any CPU.Build.0 = Release|Any CPU
	EndGlobalSection
	GlobalSection(SolutionProperties) = preSolution
		HideSolutionNode = FALSE
	EndGlobalSection
EndGlobal
