
Microsoft Visual Studio Solution File, Format Version 11.00
# Visual Studio 2010
Project("{FAE04EC0-301F-11D3-BF4B-00C04F79EFBC}") = "TMG2010FWV1_0_0Recorder", "TMG2010FWV1_0_0Recorder\TMG2010FWV1_0_0Recorder.csproj", "{11F1A8C2-1D39-47B1-8EF3-66CB3B26B4CD}"
EndProject
Global
	GlobalSection(SolutionConfigurationPlatforms) = preSolution
		Debug|Any CPU = Debug|Any CPU
		Release|Any CPU = Release|Any CPU
	EndGlobalSection
	GlobalSection(ProjectConfigurationPlatforms) = postSolution
		{11F1A8C2-1D39-47B1-8EF3-66CB3B26B4CD}.Debug|Any CPU.ActiveCfg = Debug|Any CPU
		{11F1A8C2-1D39-47B1-8EF3-66CB3B26B4CD}.Debug|Any CPU.Build.0 = Debug|Any CPU
		{11F1A8C2-1D39-47B1-8EF3-66CB3B26B4CD}.Release|Any CPU.ActiveCfg = Release|Any CPU
		{11F1A8C2-1D39-47B1-8EF3-66CB3B26B4CD}.Release|Any CPU.Build.0 = Release|Any CPU
	EndGlobalSection
	GlobalSection(SolutionProperties) = preSolution
		HideSolutionNode = FALSE
	EndGlobalSection
EndGlobal
