
Microsoft Visual Studio Solution File, Format Version 11.00
# Visual Studio 2010
Project("{FAE04EC0-301F-11D3-BF4B-00C04F79EFBC}") = "CiscoAsaV4SyslogRecorder", "CiscoAsaV4SyslogRecorder\CiscoAsaV4SyslogRecorder.csproj", "{D1B1672E-E59B-44CC-A5D8-C8784EE386BC}"
EndProject
Global
	GlobalSection(SolutionConfigurationPlatforms) = preSolution
		Debug|Any CPU = Debug|Any CPU
		Release|Any CPU = Release|Any CPU
	EndGlobalSection
	GlobalSection(ProjectConfigurationPlatforms) = postSolution
		{D1B1672E-E59B-44CC-A5D8-C8784EE386BC}.Debug|Any CPU.ActiveCfg = Debug|Any CPU
		{D1B1672E-E59B-44CC-A5D8-C8784EE386BC}.Debug|Any CPU.Build.0 = Debug|Any CPU
		{D1B1672E-E59B-44CC-A5D8-C8784EE386BC}.Release|Any CPU.ActiveCfg = Release|Any CPU
		{D1B1672E-E59B-44CC-A5D8-C8784EE386BC}.Release|Any CPU.Build.0 = Release|Any CPU
	EndGlobalSection
	GlobalSection(SolutionProperties) = preSolution
		HideSolutionNode = FALSE
	EndGlobalSection
EndGlobal
