
Microsoft Visual Studio Solution File, Format Version 11.00
# Visual Studio 2010
Project("{FAE04EC0-301F-11D3-BF4B-00C04F79EFBC}") = "DhcpReserveRecorder", "DhcpReserveRecorder\DhcpReserveRecorder.csproj", "{4061992B-1F3D-4AD8-8A51-5255EAA91160}"
EndProject
Global
	GlobalSection(SolutionConfigurationPlatforms) = preSolution
		Debug|Any CPU = Debug|Any CPU
		Release|Any CPU = Release|Any CPU
	EndGlobalSection
	GlobalSection(ProjectConfigurationPlatforms) = postSolution
		{4061992B-1F3D-4AD8-8A51-5255EAA91160}.Debug|Any CPU.ActiveCfg = Debug|Any CPU
		{4061992B-1F3D-4AD8-8A51-5255EAA91160}.Debug|Any CPU.Build.0 = Debug|Any CPU
		{4061992B-1F3D-4AD8-8A51-5255EAA91160}.Release|Any CPU.ActiveCfg = Release|Any CPU
		{4061992B-1F3D-4AD8-8A51-5255EAA91160}.Release|Any CPU.Build.0 = Release|Any CPU
	EndGlobalSection
	GlobalSection(SolutionProperties) = preSolution
		HideSolutionNode = FALSE
	EndGlobalSection
EndGlobal
