
Microsoft Visual Studio Solution File, Format Version 11.00
# Visual Studio 2010
Project("{FAE04EC0-301F-11D3-BF4B-00C04F79EFBC}") = "MCAffeeUTMSyslogRecorder", "MCAffeeUTMSyslogRecorder\MCAffeeUTMSyslogRecorder.csproj", "{D5D824A2-75F1-4CF2-B91F-7C4C49E38439}"
EndProject
Global
	GlobalSection(SolutionConfigurationPlatforms) = preSolution
		Debug|Any CPU = Debug|Any CPU
		Release|Any CPU = Release|Any CPU
	EndGlobalSection
	GlobalSection(ProjectConfigurationPlatforms) = postSolution
		{D5D824A2-75F1-4CF2-B91F-7C4C49E38439}.Debug|Any CPU.ActiveCfg = Debug|Any CPU
		{D5D824A2-75F1-4CF2-B91F-7C4C49E38439}.Debug|Any CPU.Build.0 = Debug|Any CPU
		{D5D824A2-75F1-4CF2-B91F-7C4C49E38439}.Release|Any CPU.ActiveCfg = Release|Any CPU
		{D5D824A2-75F1-4CF2-B91F-7C4C49E38439}.Release|Any CPU.Build.0 = Release|Any CPU
	EndGlobalSection
	GlobalSection(SolutionProperties) = preSolution
		HideSolutionNode = FALSE
	EndGlobalSection
EndGlobal
