
Microsoft Visual Studio Solution File, Format Version 11.00
# Visual Studio 2010
Project("{FAE04EC0-301F-11D3-BF4B-00C04F79EFBC}") = "CityPlusOracleV_1_0_0Recorder", "CityPlusOracleV_1_0_0Recorder\CityPlusOracleV_1_0_0Recorder.csproj", "{80EF3F41-0493-40ED-BF9A-0B51E4BAEAD7}"
EndProject
Global
	GlobalSection(SolutionConfigurationPlatforms) = preSolution
		Debug|Any CPU = Debug|Any CPU
		Release|Any CPU = Release|Any CPU
	EndGlobalSection
	GlobalSection(ProjectConfigurationPlatforms) = postSolution
		{80EF3F41-0493-40ED-BF9A-0B51E4BAEAD7}.Debug|Any CPU.ActiveCfg = Debug|Any CPU
		{80EF3F41-0493-40ED-BF9A-0B51E4BAEAD7}.Debug|Any CPU.Build.0 = Debug|Any CPU
		{80EF3F41-0493-40ED-BF9A-0B51E4BAEAD7}.Release|Any CPU.ActiveCfg = Release|Any CPU
		{80EF3F41-0493-40ED-BF9A-0B51E4BAEAD7}.Release|Any CPU.Build.0 = Release|Any CPU
	EndGlobalSection
	GlobalSection(SolutionProperties) = preSolution
		HideSolutionNode = FALSE
	EndGlobalSection
EndGlobal
