
Microsoft Visual Studio Solution File, Format Version 10.00
# Visual Studio 2008
Project("{FAE04EC0-301F-11D3-BF4B-00C04F79EFBC}") = "BeyazAuditRecorder", "BeyazAuditRecorder\BeyazAuditRecorder.csproj", "{B10F223A-A347-41A3-A645-41FD834CAF1F}"
EndProject
Global
	GlobalSection(SolutionConfigurationPlatforms) = preSolution
		Debug|Any CPU = Debug|Any CPU
		Release|Any CPU = Release|Any CPU
	EndGlobalSection
	GlobalSection(ProjectConfigurationPlatforms) = postSolution
		{B10F223A-A347-41A3-A645-41FD834CAF1F}.Debug|Any CPU.ActiveCfg = Debug|Any CPU
		{B10F223A-A347-41A3-A645-41FD834CAF1F}.Debug|Any CPU.Build.0 = Debug|Any CPU
		{B10F223A-A347-41A3-A645-41FD834CAF1F}.Release|Any CPU.ActiveCfg = Release|Any CPU
		{B10F223A-A347-41A3-A645-41FD834CAF1F}.Release|Any CPU.Build.0 = Release|Any CPU
	EndGlobalSection
	GlobalSection(SolutionProperties) = preSolution
		HideSolutionNode = FALSE
	EndGlobalSection
EndGlobal
