
Microsoft Visual Studio Solution File, Format Version 10.00
# Visual Studio 2008
Project("{FAE04EC0-301F-11D3-BF4B-00C04F79EFBC}") = "TrendMicroAccessRecorder", "TrendMicroAccessRecorder\TrendMicroAccessRecorder.csproj", "{110A97EA-4F3A-457F-8F79-137B7D9CF6A7}"
EndProject
Global
	GlobalSection(SolutionConfigurationPlatforms) = preSolution
		Debug|Any CPU = Debug|Any CPU
		Release|Any CPU = Release|Any CPU
	EndGlobalSection
	GlobalSection(ProjectConfigurationPlatforms) = postSolution
		{110A97EA-4F3A-457F-8F79-137B7D9CF6A7}.Debug|Any CPU.ActiveCfg = Debug|Any CPU
		{110A97EA-4F3A-457F-8F79-137B7D9CF6A7}.Debug|Any CPU.Build.0 = Debug|Any CPU
		{110A97EA-4F3A-457F-8F79-137B7D9CF6A7}.Release|Any CPU.ActiveCfg = Release|Any CPU
		{110A97EA-4F3A-457F-8F79-137B7D9CF6A7}.Release|Any CPU.Build.0 = Release|Any CPU
	EndGlobalSection
	GlobalSection(SolutionProperties) = preSolution
		HideSolutionNode = FALSE
	EndGlobalSection
EndGlobal
