
Microsoft Visual Studio Solution File, Format Version 10.00
# Visual Studio 2008
Project("{FAE04EC0-301F-11D3-BF4B-00C04F79EFBC}") = "ApacheErrorRecorder", "ApacheErrorRecorder\ApacheErrorRecorder.csproj", "{1002C232-F93F-4846-A982-3FD92B62DB46}"
EndProject
Global
	GlobalSection(SolutionConfigurationPlatforms) = preSolution
		Debug|Any CPU = Debug|Any CPU
		Release|Any CPU = Release|Any CPU
	EndGlobalSection
	GlobalSection(ProjectConfigurationPlatforms) = postSolution
		{1002C232-F93F-4846-A982-3FD92B62DB46}.Debug|Any CPU.ActiveCfg = Debug|Any CPU
		{1002C232-F93F-4846-A982-3FD92B62DB46}.Debug|Any CPU.Build.0 = Debug|Any CPU
		{1002C232-F93F-4846-A982-3FD92B62DB46}.Release|Any CPU.ActiveCfg = Release|Any CPU
		{1002C232-F93F-4846-A982-3FD92B62DB46}.Release|Any CPU.Build.0 = Release|Any CPU
	EndGlobalSection
	GlobalSection(SolutionProperties) = preSolution
		HideSolutionNode = FALSE
	EndGlobalSection
EndGlobal
