
Microsoft Visual Studio Solution File, Format Version 11.00
# Visual Studio 2010
Project("{FAE04EC0-301F-11D3-BF4B-00C04F79EFBC}") = "ArubaSyslogV_1_0_0Recorder", "ArubaSyslogV_1_0_0Recorder\ArubaSyslogV_1_0_0Recorder.csproj", "{BE3A5270-FB85-4C98-A8AC-7513277E5ACD}"
EndProject
Global
	GlobalSection(SolutionConfigurationPlatforms) = preSolution
		Debug|Any CPU = Debug|Any CPU
		Release|Any CPU = Release|Any CPU
	EndGlobalSection
	GlobalSection(ProjectConfigurationPlatforms) = postSolution
		{BE3A5270-FB85-4C98-A8AC-7513277E5ACD}.Debug|Any CPU.ActiveCfg = Debug|Any CPU
		{BE3A5270-FB85-4C98-A8AC-7513277E5ACD}.Debug|Any CPU.Build.0 = Debug|Any CPU
		{BE3A5270-FB85-4C98-A8AC-7513277E5ACD}.Release|Any CPU.ActiveCfg = Release|Any CPU
		{BE3A5270-FB85-4C98-A8AC-7513277E5ACD}.Release|Any CPU.Build.0 = Release|Any CPU
	EndGlobalSection
	GlobalSection(SolutionProperties) = preSolution
		HideSolutionNode = FALSE
	EndGlobalSection
EndGlobal
