
Microsoft Visual Studio Solution File, Format Version 11.00
# Visual Studio 2010
Project("{FAE04EC0-301F-11D3-BF4B-00C04F79EFBC}") = "FileZillaFTPRecorder", "FileZillaFTPRecorder\FileZillaFTPRecorder.csproj", "{C040B520-FF34-468A-80DC-36938738080D}"
EndProject
Global
	GlobalSection(SolutionConfigurationPlatforms) = preSolution
		Debug|Any CPU = Debug|Any CPU
		Release|Any CPU = Release|Any CPU
	EndGlobalSection
	GlobalSection(ProjectConfigurationPlatforms) = postSolution
		{C040B520-FF34-468A-80DC-36938738080D}.Debug|Any CPU.ActiveCfg = Debug|Any CPU
		{C040B520-FF34-468A-80DC-36938738080D}.Debug|Any CPU.Build.0 = Debug|Any CPU
		{C040B520-FF34-468A-80DC-36938738080D}.Release|Any CPU.ActiveCfg = Release|Any CPU
		{C040B520-FF34-468A-80DC-36938738080D}.Release|Any CPU.Build.0 = Release|Any CPU
	EndGlobalSection
	GlobalSection(SolutionProperties) = preSolution
		HideSolutionNode = FALSE
	EndGlobalSection
EndGlobal
