
Microsoft Visual Studio Solution File, Format Version 11.00
# Visual Studio 2010
Project("{FAE04EC0-301F-11D3-BF4B-00C04F79EFBC}") = "OracleAlertWinFileV_1_0_1Recorder", "OracleAlertWinFileV_1_0_1Recorder\OracleAlertWinFileV_1_0_1Recorder.csproj", "{7253102B-1FA7-4E9E-A9EC-1D7E24FFD325}"
EndProject
Global
	GlobalSection(SolutionConfigurationPlatforms) = preSolution
		Debug|Any CPU = Debug|Any CPU
		Release|Any CPU = Release|Any CPU
	EndGlobalSection
	GlobalSection(ProjectConfigurationPlatforms) = postSolution
		{7253102B-1FA7-4E9E-A9EC-1D7E24FFD325}.Debug|Any CPU.ActiveCfg = Debug|Any CPU
		{7253102B-1FA7-4E9E-A9EC-1D7E24FFD325}.Debug|Any CPU.Build.0 = Debug|Any CPU
		{7253102B-1FA7-4E9E-A9EC-1D7E24FFD325}.Release|Any CPU.ActiveCfg = Release|Any CPU
		{7253102B-1FA7-4E9E-A9EC-1D7E24FFD325}.Release|Any CPU.Build.0 = Release|Any CPU
	EndGlobalSection
	GlobalSection(SolutionProperties) = preSolution
		HideSolutionNode = FALSE
	EndGlobalSection
EndGlobal
