
Microsoft Visual Studio Solution File, Format Version 11.00
# Visual Studio 2010
Project("{FAE04EC0-301F-11D3-BF4B-00C04F79EFBC}") = "ZimbraAuthV_6_0_10_1Recorder", "ZimbraAuthV_6_0_10_1Recorder\ZimbraAuthV_6_0_10_1Recorder.csproj", "{029C2B5B-B15B-4A6D-82A1-0597C39DE40D}"
EndProject
Global
	GlobalSection(SolutionConfigurationPlatforms) = preSolution
		Debug|Any CPU = Debug|Any CPU
		Release|Any CPU = Release|Any CPU
	EndGlobalSection
	GlobalSection(ProjectConfigurationPlatforms) = postSolution
		{029C2B5B-B15B-4A6D-82A1-0597C39DE40D}.Debug|Any CPU.ActiveCfg = Debug|Any CPU
		{029C2B5B-B15B-4A6D-82A1-0597C39DE40D}.Debug|Any CPU.Build.0 = Debug|Any CPU
		{029C2B5B-B15B-4A6D-82A1-0597C39DE40D}.Release|Any CPU.ActiveCfg = Release|Any CPU
		{029C2B5B-B15B-4A6D-82A1-0597C39DE40D}.Release|Any CPU.Build.0 = Release|Any CPU
	EndGlobalSection
	GlobalSection(SolutionProperties) = preSolution
		HideSolutionNode = FALSE
	EndGlobalSection
EndGlobal
