
Microsoft Visual Studio Solution File, Format Version 11.00
# Visual Studio 2010
Project("{FAE04EC0-301F-11D3-BF4B-00C04F79EFBC}") = "WApacheAccessV_1_0_0Recorder", "WApacheAccessV_1_0_0Recorder\WApacheAccessV_1_0_0Recorder.csproj", "{07B23175-0B44-4C86-BFAA-334453CAB440}"
EndProject
Global
	GlobalSection(SolutionConfigurationPlatforms) = preSolution
		Debug|Any CPU = Debug|Any CPU
		Release|Any CPU = Release|Any CPU
	EndGlobalSection
	GlobalSection(ProjectConfigurationPlatforms) = postSolution
		{07B23175-0B44-4C86-BFAA-334453CAB440}.Debug|Any CPU.ActiveCfg = Debug|Any CPU
		{07B23175-0B44-4C86-BFAA-334453CAB440}.Debug|Any CPU.Build.0 = Debug|Any CPU
		{07B23175-0B44-4C86-BFAA-334453CAB440}.Release|Any CPU.ActiveCfg = Release|Any CPU
		{07B23175-0B44-4C86-BFAA-334453CAB440}.Release|Any CPU.Build.0 = Release|Any CPU
	EndGlobalSection
	GlobalSection(SolutionProperties) = preSolution
		HideSolutionNode = FALSE
	EndGlobalSection
EndGlobal
