
Microsoft Visual Studio Solution File, Format Version 11.00
# Visual Studio 2010
Project("{FAE04EC0-301F-11D3-BF4B-00C04F79EFBC}") = "SybaseIqMsgV_1_0_0Recorder", "SybaseIqMsgV_1_0_0Recorder\SybaseIqMsgV_1_0_0Recorder.csproj", "{0573936F-206F-471E-82CA-F2A5D2D2AEC4}"
EndProject
Global
	GlobalSection(SolutionConfigurationPlatforms) = preSolution
		Debug|Any CPU = Debug|Any CPU
		Release|Any CPU = Release|Any CPU
	EndGlobalSection
	GlobalSection(ProjectConfigurationPlatforms) = postSolution
		{0573936F-206F-471E-82CA-F2A5D2D2AEC4}.Debug|Any CPU.ActiveCfg = Debug|Any CPU
		{0573936F-206F-471E-82CA-F2A5D2D2AEC4}.Debug|Any CPU.Build.0 = Debug|Any CPU
		{0573936F-206F-471E-82CA-F2A5D2D2AEC4}.Release|Any CPU.ActiveCfg = Release|Any CPU
		{0573936F-206F-471E-82CA-F2A5D2D2AEC4}.Release|Any CPU.Build.0 = Release|Any CPU
	EndGlobalSection
	GlobalSection(SolutionProperties) = preSolution
		HideSolutionNode = FALSE
	EndGlobalSection
EndGlobal
