
Microsoft Visual Studio Solution File, Format Version 10.00
# Visual Studio 2008
Project("{FAE04EC0-301F-11D3-BF4B-00C04F79EFBC}") = "StandAloneClusterRecorder", "StandAloneClusterRecorder\StandAloneClusterRecorder.csproj", "{EE4DE0A8-E6E2-448F-B3FC-BC6B33DA05FA}"
EndProject
Global
	GlobalSection(SolutionConfigurationPlatforms) = preSolution
		Debug|Any CPU = Debug|Any CPU
		Release|Any CPU = Release|Any CPU
	EndGlobalSection
	GlobalSection(ProjectConfigurationPlatforms) = postSolution
		{EE4DE0A8-E6E2-448F-B3FC-BC6B33DA05FA}.Debug|Any CPU.ActiveCfg = Debug|Any CPU
		{EE4DE0A8-E6E2-448F-B3FC-BC6B33DA05FA}.Debug|Any CPU.Build.0 = Debug|Any CPU
		{EE4DE0A8-E6E2-448F-B3FC-BC6B33DA05FA}.Release|Any CPU.ActiveCfg = Release|Any CPU
		{EE4DE0A8-E6E2-448F-B3FC-BC6B33DA05FA}.Release|Any CPU.Build.0 = Release|Any CPU
	EndGlobalSection
	GlobalSection(SolutionProperties) = preSolution
		HideSolutionNode = FALSE
	EndGlobalSection
EndGlobal
